// !$*UTF8*$!
{
	archiveVersion = 1;
	classes = {
	};
	objectVersion = 45;
	objects = {

/* Begin PBXBuildFile section */
		18313FEE11CFCF7E00C521F1 /* ApplicationFlow.png in Resources */ = {isa = PBXBuildFile; fileRef = 18313FEC11CFCF7E00C521F1 /* ApplicationFlow.png */; };
		18313FEF11CFCF7E00C521F1 /* Default.png in Resources */ = {isa = PBXBuildFile; fileRef = 18313FED11CFCF7E00C521F1 /* Default.png */; };
		18313FF111CFCFAB00C521F1 /* Icon.png in Resources */ = {isa = PBXBuildFile; fileRef = 18313FF011CFCFAB00C521F1 /* Icon.png */; };
		1D3623260D0F684500981E51 /* TheElementsAppDelegate.m in Sources */ = {isa = PBXBuildFile; fileRef = 1D3623250D0F684500981E51 /* TheElementsAppDelegate.m */; };
		1D3623EC0D0F72F000981E51 /* CoreGraphics.framework in Frameworks */ = {isa = PBXBuildFile; fileRef = 1D3623EB0D0F72F000981E51 /* CoreGraphics.framework */; };
		1D60589B0D05DD56006BFB54 /* main.m in Sources */ = {isa = PBXBuildFile; fileRef = 29B97316FDCFA39411CA2CEA /* main.m */; };
		1D60589F0D05DD5A006BFB54 /* Foundation.framework in Frameworks */ = {isa = PBXBuildFile; fileRef = 1D30AB110D05D00D00671497 /* Foundation.framework */; };
		1DF5F4E00D08C38300B7A737 /* UIKit.framework in Frameworks */ = {isa = PBXBuildFile; fileRef = 1DF5F4DF0D08C38300B7A737 /* UIKit.framework */; };
		2883B6A10D944613003F08B5 /* QuartzCore.framework in Frameworks */ = {isa = PBXBuildFile; fileRef = 2883B6A00D944613003F08B5 /* QuartzCore.framework */; };
		53339B0A11D27E76007AD342 /* Icon-72.png in Resources */ = {isa = PBXBuildFile; fileRef = 53339B0311D27E76007AD342 /* Icon-72.png */; };
		53339B0B11D27E76007AD342 /* Icon-Small-50.png in Resources */ = {isa = PBXBuildFile; fileRef = 53339B0411D27E76007AD342 /* Icon-Small-50.png */; };
		53339B0C11D27E76007AD342 /* Icon-Small.png in Resources */ = {isa = PBXBuildFile; fileRef = 53339B0511D27E76007AD342 /* Icon-Small.png */; };
		53339B0D11D27E76007AD342 /* Icon-Small@2x.png in Resources */ = {isa = PBXBuildFile; fileRef = 53339B0611D27E76007AD342 /* Icon-Small@2x.png */; };
		53339B0F11D27E76007AD342 /* Icon@2x.png in Resources */ = {isa = PBXBuildFile; fileRef = 53339B0811D27E76007AD342 /* Icon@2x.png */; };
		53339B1011D27E76007AD342 /* iTunesArtwork in Resources */ = {isa = PBXBuildFile; fileRef = 53339B0911D27E76007AD342 /* iTunesArtwork */; };
		C839ED3D0D9E0F270016B510 /* flipper_list_blue.png in Resources */ = {isa = PBXBuildFile; fileRef = C839ED3C0D9E0F270016B510 /* flipper_list_blue.png */; };
		C844D0420D70BEBE002C7CFD /* AtomicElementFlippedView.m in Sources */ = {isa = PBXBuildFile; fileRef = C844D0410D70BEBE002C7CFD /* AtomicElementFlippedView.m */; };
		C8657C240D59017B00CB6FC9 /* Elements.plist in Resources */ = {isa = PBXBuildFile; fileRef = C8657C230D59017B00CB6FC9 /* Elements.plist */; };
		C87D9ED70D65203C006094E8 /* AtomicElementTileView.m in Sources */ = {isa = PBXBuildFile; fileRef = C87D9ED60D65203C006094E8 /* AtomicElementTileView.m */; };
		C8842F8B0D61528100816072 /* AtomicElementViewController.m in Sources */ = {isa = PBXBuildFile; fileRef = C8842F8A0D61528100816072 /* AtomicElementViewController.m */; };
		C89ACE760DA4A34F006AB9BA /* Gas_30.png in Resources */ = {isa = PBXBuildFile; fileRef = C89ACE750DA4A34F006AB9BA /* Gas_30.png */; };
		C89ACE780DA4A359006AB9BA /* Solid_30.png in Resources */ = {isa = PBXBuildFile; fileRef = C89ACE770DA4A359006AB9BA /* Solid_30.png */; };
		C89ACE7A0DA4A35E006AB9BA /* Liquid_30.png in Resources */ = {isa = PBXBuildFile; fileRef = C89ACE790DA4A35E006AB9BA /* Liquid_30.png */; };
		C89ACE7C0DA4A363006AB9BA /* Artificial_30.png in Resources */ = {isa = PBXBuildFile; fileRef = C89ACE7B0DA4A363006AB9BA /* Artificial_30.png */; };
		C8B477C70D626E3700EA3613 /* Artificial_37.png in Resources */ = {isa = PBXBuildFile; fileRef = C8B477C30D626E3700EA3613 /* Artificial_37.png */; };
		C8B477C80D626E3700EA3613 /* Gas_37.png in Resources */ = {isa = PBXBuildFile; fileRef = C8B477C40D626E3700EA3613 /* Gas_37.png */; };
		C8B477C90D626E3700EA3613 /* Liquid_37.png in Resources */ = {isa = PBXBuildFile; fileRef = C8B477C50D626E3700EA3613 /* Liquid_37.png */; };
		C8B477CA0D626E3700EA3613 /* Solid_37.png in Resources */ = {isa = PBXBuildFile; fileRef = C8B477C60D626E3700EA3613 /* Solid_37.png */; };
		C8B477EC0D62715A00EA3613 /* AtomicElementView.m in Sources */ = {isa = PBXBuildFile; fileRef = C8B477EB0D62715A00EA3613 /* AtomicElementView.m */; };
		C8DE42800D581B7B00AFE181 /* AtomicElement.m in Sources */ = {isa = PBXBuildFile; fileRef = C8DE42710D581B7B00AFE181 /* AtomicElement.m */; };
		C8DE42810D581B7B00AFE181 /* AtomicElementTableViewCell.m in Sources */ = {isa = PBXBuildFile; fileRef = C8DE42730D581B7B00AFE181 /* AtomicElementTableViewCell.m */; };
		C8DE42820D581B7B00AFE181 /* ElementsSortedByAtomicNumberDataSource.m in Sources */ = {isa = PBXBuildFile; fileRef = C8DE42750D581B7B00AFE181 /* ElementsSortedByAtomicNumberDataSource.m */; };
		C8DE42830D581B7B00AFE181 /* ElementsSortedByStateDataSource.m in Sources */ = {isa = PBXBuildFile; fileRef = C8DE42770D581B7B00AFE181 /* ElementsSortedByStateDataSource.m */; };
		C8DE42840D581B7B00AFE181 /* ElementsSortedBySymbolDataSource.m in Sources */ = {isa = PBXBuildFile; fileRef = C8DE42790D581B7B00AFE181 /* ElementsSortedBySymbolDataSource.m */; };
		C8DE42850D581B7B00AFE181 /* ElementsSortedByNameDataSource.m in Sources */ = {isa = PBXBuildFile; fileRef = C8DE427B0D581B7B00AFE181 /* ElementsSortedByNameDataSource.m */; };
		C8DE42860D581B7B00AFE181 /* PeriodicElements.m in Sources */ = {isa = PBXBuildFile; fileRef = C8DE427D0D581B7B00AFE181 /* PeriodicElements.m */; };
		C8E2AC6E0D5B7AAE0056EE5C /* Artificial_24.png in Resources */ = {isa = PBXBuildFile; fileRef = C8E2AC650D5B7AAE0056EE5C /* Artificial_24.png */; };
		C8E2AC6F0D5B7AAE0056EE5C /* Artificial_256.png in Resources */ = {isa = PBXBuildFile; fileRef = C8E2AC660D5B7AAE0056EE5C /* Artificial_256.png */; };
		C8E2AC710D5B7AAE0056EE5C /* Gas_24.png in Resources */ = {isa = PBXBuildFile; fileRef = C8E2AC680D5B7AAE0056EE5C /* Gas_24.png */; };
		C8E2AC720D5B7AAE0056EE5C /* Gas_256.png in Resources */ = {isa = PBXBuildFile; fileRef = C8E2AC690D5B7AAE0056EE5C /* Gas_256.png */; };
		C8E2AC730D5B7AAE0056EE5C /* Liquid_24.png in Resources */ = {isa = PBXBuildFile; fileRef = C8E2AC6A0D5B7AAE0056EE5C /* Liquid_24.png */; };
		C8E2AC740D5B7AAE0056EE5C /* Liquid_256.png in Resources */ = {isa = PBXBuildFile; fileRef = C8E2AC6B0D5B7AAE0056EE5C /* Liquid_256.png */; };
		C8E2AC750D5B7AAE0056EE5C /* Solid_24.png in Resources */ = {isa = PBXBuildFile; fileRef = C8E2AC6C0D5B7AAE0056EE5C /* Solid_24.png */; };
		C8E2AC760D5B7AAE0056EE5C /* Solid_256.png in Resources */ = {isa = PBXBuildFile; fileRef = C8E2AC6D0D5B7AAE0056EE5C /* Solid_256.png */; };
		C8E2AC820D5B7B290056EE5C /* name_gray.png in Resources */ = {isa = PBXBuildFile; fileRef = C8E2AC780D5B7B290056EE5C /* name_gray.png */; };
		C8E2AC840D5B7B290056EE5C /* number_gray.png in Resources */ = {isa = PBXBuildFile; fileRef = C8E2AC7A0D5B7B290056EE5C /* number_gray.png */; };
		C8E2AC860D5B7B290056EE5C /* state_gray.png in Resources */ = {isa = PBXBuildFile; fileRef = C8E2AC7C0D5B7B290056EE5C /* state_gray.png */; };
		C8E2AC880D5B7B290056EE5C /* symbol_gray.png in Resources */ = {isa = PBXBuildFile; fileRef = C8E2AC7E0D5B7B290056EE5C /* symbol_gray.png */; };
		C8E2AC8A0D5B7B290056EE5C /* table_gray.png in Resources */ = {isa = PBXBuildFile; fileRef = C8E2AC800D5B7B290056EE5C /* table_gray.png */; };
		C8E2ACA60D5B7C950056EE5C /* ElementsTableViewController.m in Sources */ = {isa = PBXBuildFile; fileRef = C8E2ACA50D5B7C950056EE5C /* ElementsTableViewController.m */; };
		DE5D11DC147D96EC008441B1 /* Elements.plist in Resources */ = {isa = PBXBuildFile; fileRef = C8657C230D59017B00CB6FC9 /* Elements.plist */; };
		DE5D11DD147D96EC008441B1 /* Artificial_24.png in Resources */ = {isa = PBXBuildFile; fileRef = C8E2AC650D5B7AAE0056EE5C /* Artificial_24.png */; };
		DE5D11DE147D96EC008441B1 /* Artificial_256.png in Resources */ = {isa = PBXBuildFile; fileRef = C8E2AC660D5B7AAE0056EE5C /* Artificial_256.png */; };
		DE5D11DF147D96EC008441B1 /* Gas_24.png in Resources */ = {isa = PBXBuildFile; fileRef = C8E2AC680D5B7AAE0056EE5C /* Gas_24.png */; };
		DE5D11E0147D96EC008441B1 /* Gas_256.png in Resources */ = {isa = PBXBuildFile; fileRef = C8E2AC690D5B7AAE0056EE5C /* Gas_256.png */; };
		DE5D11E1147D96EC008441B1 /* Liquid_24.png in Resources */ = {isa = PBXBuildFile; fileRef = C8E2AC6A0D5B7AAE0056EE5C /* Liquid_24.png */; };
		DE5D11E2147D96EC008441B1 /* Liquid_256.png in Resources */ = {isa = PBXBuildFile; fileRef = C8E2AC6B0D5B7AAE0056EE5C /* Liquid_256.png */; };
		DE5D11E3147D96EC008441B1 /* Solid_24.png in Resources */ = {isa = PBXBuildFile; fileRef = C8E2AC6C0D5B7AAE0056EE5C /* Solid_24.png */; };
		DE5D11E4147D96EC008441B1 /* Solid_256.png in Resources */ = {isa = PBXBuildFile; fileRef = C8E2AC6D0D5B7AAE0056EE5C /* Solid_256.png */; };
		DE5D11E5147D96EC008441B1 /* name_gray.png in Resources */ = {isa = PBXBuildFile; fileRef = C8E2AC780D5B7B290056EE5C /* name_gray.png */; };
		DE5D11E6147D96EC008441B1 /* number_gray.png in Resources */ = {isa = PBXBuildFile; fileRef = C8E2AC7A0D5B7B290056EE5C /* number_gray.png */; };
		DE5D11E7147D96EC008441B1 /* state_gray.png in Resources */ = {isa = PBXBuildFile; fileRef = C8E2AC7C0D5B7B290056EE5C /* state_gray.png */; };
		DE5D11E8147D96EC008441B1 /* symbol_gray.png in Resources */ = {isa = PBXBuildFile; fileRef = C8E2AC7E0D5B7B290056EE5C /* symbol_gray.png */; };
		DE5D11E9147D96EC008441B1 /* table_gray.png in Resources */ = {isa = PBXBuildFile; fileRef = C8E2AC800D5B7B290056EE5C /* table_gray.png */; };
		DE5D11EA147D96EC008441B1 /* Artificial_37.png in Resources */ = {isa = PBXBuildFile; fileRef = C8B477C30D626E3700EA3613 /* Artificial_37.png */; };
		DE5D11EB147D96EC008441B1 /* Gas_37.png in Resources */ = {isa = PBXBuildFile; fileRef = C8B477C40D626E3700EA3613 /* Gas_37.png */; };
		DE5D11EC147D96EC008441B1 /* Liquid_37.png in Resources */ = {isa = PBXBuildFile; fileRef = C8B477C50D626E3700EA3613 /* Liquid_37.png */; };
		DE5D11ED147D96EC008441B1 /* Solid_37.png in Resources */ = {isa = PBXBuildFile; fileRef = C8B477C60D626E3700EA3613 /* Solid_37.png */; };
		DE5D11EE147D96EC008441B1 /* flipper_list_blue.png in Resources */ = {isa = PBXBuildFile; fileRef = C839ED3C0D9E0F270016B510 /* flipper_list_blue.png */; };
		DE5D11EF147D96EC008441B1 /* Gas_30.png in Resources */ = {isa = PBXBuildFile; fileRef = C89ACE750DA4A34F006AB9BA /* Gas_30.png */; };
		DE5D11F0147D96EC008441B1 /* Solid_30.png in Resources */ = {isa = PBXBuildFile; fileRef = C89ACE770DA4A359006AB9BA /* Solid_30.png */; };
		DE5D11F1147D96EC008441B1 /* Liquid_30.png in Resources */ = {isa = PBXBuildFile; fileRef = C89ACE790DA4A35E006AB9BA /* Liquid_30.png */; };
		DE5D11F2147D96EC008441B1 /* Artificial_30.png in Resources */ = {isa = PBXBuildFile; fileRef = C89ACE7B0DA4A363006AB9BA /* Artificial_30.png */; };
		DE5D11F3147D96EC008441B1 /* ApplicationFlow.png in Resources */ = {isa = PBXBuildFile; fileRef = 18313FEC11CFCF7E00C521F1 /* ApplicationFlow.png */; };
		DE5D11F4147D96EC008441B1 /* Default.png in Resources */ = {isa = PBXBuildFile; fileRef = 18313FED11CFCF7E00C521F1 /* Default.png */; };
		DE5D11F5147D96EC008441B1 /* Icon.png in Resources */ = {isa = PBXBuildFile; fileRef = 18313FF011CFCFAB00C521F1 /* Icon.png */; };
		DE5D11F6147D96EC008441B1 /* Icon-72.png in Resources */ = {isa = PBXBuildFile; fileRef = 53339B0311D27E76007AD342 /* Icon-72.png */; };
		DE5D11F7147D96EC008441B1 /* Icon-Small-50.png in Resources */ = {isa = PBXBuildFile; fileRef = 53339B0411D27E76007AD342 /* Icon-Small-50.png */; };
		DE5D11F8147D96EC008441B1 /* Icon-Small.png in Resources */ = {isa = PBXBuildFile; fileRef = 53339B0511D27E76007AD342 /* Icon-Small.png */; };
		DE5D11F9147D96EC008441B1 /* Icon-Small@2x.png in Resources */ = {isa = PBXBuildFile; fileRef = 53339B0611D27E76007AD342 /* Icon-Small@2x.png */; };
		DE5D11FA147D96EC008441B1 /* Icon@2x.png in Resources */ = {isa = PBXBuildFile; fileRef = 53339B0811D27E76007AD342 /* Icon@2x.png */; };
		DE5D11FB147D96EC008441B1 /* iTunesArtwork in Resources */ = {isa = PBXBuildFile; fileRef = 53339B0911D27E76007AD342 /* iTunesArtwork */; };
		DE5D11FD147D96EC008441B1 /* main.m in Sources */ = {isa = PBXBuildFile; fileRef = 29B97316FDCFA39411CA2CEA /* main.m */; };
		DE5D11FE147D96EC008441B1 /* TheElementsAppDelegate.m in Sources */ = {isa = PBXBuildFile; fileRef = 1D3623250D0F684500981E51 /* TheElementsAppDelegate.m */; };
		DE5D11FF147D96EC008441B1 /* AtomicElement.m in Sources */ = {isa = PBXBuildFile; fileRef = C8DE42710D581B7B00AFE181 /* AtomicElement.m */; };
		DE5D1200147D96EC008441B1 /* AtomicElementTableViewCell.m in Sources */ = {isa = PBXBuildFile; fileRef = C8DE42730D581B7B00AFE181 /* AtomicElementTableViewCell.m */; };
		DE5D1201147D96EC008441B1 /* ElementsSortedByAtomicNumberDataSource.m in Sources */ = {isa = PBXBuildFile; fileRef = C8DE42750D581B7B00AFE181 /* ElementsSortedByAtomicNumberDataSource.m */; };
		DE5D1202147D96EC008441B1 /* ElementsSortedByStateDataSource.m in Sources */ = {isa = PBXBuildFile; fileRef = C8DE42770D581B7B00AFE181 /* ElementsSortedByStateDataSource.m */; };
		DE5D1203147D96EC008441B1 /* ElementsSortedBySymbolDataSource.m in Sources */ = {isa = PBXBuildFile; fileRef = C8DE42790D581B7B00AFE181 /* ElementsSortedBySymbolDataSource.m */; };
		DE5D1204147D96EC008441B1 /* ElementsSortedByNameDataSource.m in Sources */ = {isa = PBXBuildFile; fileRef = C8DE427B0D581B7B00AFE181 /* ElementsSortedByNameDataSource.m */; };
		DE5D1205147D96EC008441B1 /* PeriodicElements.m in Sources */ = {isa = PBXBuildFile; fileRef = C8DE427D0D581B7B00AFE181 /* PeriodicElements.m */; };
		DE5D1206147D96EC008441B1 /* ElementsTableViewController.m in Sources */ = {isa = PBXBuildFile; fileRef = C8E2ACA50D5B7C950056EE5C /* ElementsTableViewController.m */; };
		DE5D1207147D96EC008441B1 /* AtomicElementViewController.m in Sources */ = {isa = PBXBuildFile; fileRef = C8842F8A0D61528100816072 /* AtomicElementViewController.m */; };
		DE5D1208147D96EC008441B1 /* AtomicElementView.m in Sources */ = {isa = PBXBuildFile; fileRef = C8B477EB0D62715A00EA3613 /* AtomicElementView.m */; };
		DE5D1209147D96EC008441B1 /* AtomicElementTileView.m in Sources */ = {isa = PBXBuildFile; fileRef = C87D9ED60D65203C006094E8 /* AtomicElementTileView.m */; };
		DE5D120A147D96EC008441B1 /* AtomicElementFlippedView.m in Sources */ = {isa = PBXBuildFile; fileRef = C844D0410D70BEBE002C7CFD /* AtomicElementFlippedView.m */; };
		DE5D120C147D96EC008441B1 /* Foundation.framework in Frameworks */ = {isa = PBXBuildFile; fileRef = 1D30AB110D05D00D00671497 /* Foundation.framework */; };
		DE5D120D147D96EC008441B1 /* UIKit.framework in Frameworks */ = {isa = PBXBuildFile; fileRef = 1DF5F4DF0D08C38300B7A737 /* UIKit.framework */; };
		DE5D120E147D96EC008441B1 /* CoreGraphics.framework in Frameworks */ = {isa = PBXBuildFile; fileRef = 1D3623EB0D0F72F000981E51 /* CoreGraphics.framework */; };
		DE5D120F147D96EC008441B1 /* QuartzCore.framework in Frameworks */ = {isa = PBXBuildFile; fileRef = 2883B6A00D944613003F08B5 /* QuartzCore.framework */; };
		DE800555147D980E0004C734 /* iphonesim in Resources */ = {isa = PBXBuildFile; fileRef = DE800507147D980D0004C734 /* iphonesim */; };
		DE800556147D980E0004C734 /* COPYRIGHT in Resources */ = {isa = PBXBuildFile; fileRef = DE800508147D980D0004C734 /* COPYRIGHT */; };
		DE800557147D980E0004C734 /* index.html in Resources */ = {isa = PBXBuildFile; fileRef = DE80050A147D980D0004C734 /* index.html */; };
		DE800558147D980E0004C734 /* extralibs.zip in Resources */ = {isa = PBXBuildFile; fileRef = DE80050B147D980D0004C734 /* extralibs.zip */; };
		DE800559147D980E0004C734 /* FoneMonkeyRunner.plist in Resources */ = {isa = PBXBuildFile; fileRef = DE80050C147D980D0004C734 /* FoneMonkeyRunner.plist */; };
		DE80055A147D980E0004C734 /* libFoneMonkey.5.4a.beta.a in Frameworks */ = {isa = PBXBuildFile; fileRef = DE800515147D980D0004C734 /* libFoneMonkey.5.4a.beta.a */; };
		DE80055B147D980E0004C734 /* libFoneMonkeyOCUnit.5.4a.beta.a in Frameworks */ = {isa = PBXBuildFile; fileRef = DE800516147D980D0004C734 /* libFoneMonkeyOCUnit.5.4a.beta.a */; };
		DE80055C147D980E0004C734 /* ReleaseNotes.html in Resources */ = {isa = PBXBuildFile; fileRef = DE800517147D980D0004C734 /* ReleaseNotes.html */; };
		DE80055D147D980E0004C734 /* FMClear.png in Resources */ = {isa = PBXBuildFile; fileRef = DE800519147D980D0004C734 /* FMClear.png */; };
		DE80055E147D980E0004C734 /* FMCommand.png in Resources */ = {isa = PBXBuildFile; fileRef = DE80051A147D980D0004C734 /* FMCommand.png */; };
		DE80055F147D980E0004C734 /* FMCommandEditViewController_iPad.xib in Resources */ = {isa = PBXBuildFile; fileRef = DE80051B147D980D0004C734 /* FMCommandEditViewController_iPad.xib */; };
		DE800560147D980E0004C734 /* FMCommandEditViewController_iPhone.xib in Resources */ = {isa = PBXBuildFile; fileRef = DE80051C147D980D0004C734 /* FMCommandEditViewController_iPhone.xib */; };
		DE800561147D980E0004C734 /* FMConsoleController_iPad.xib in Resources */ = {isa = PBXBuildFile; fileRef = DE80051D147D980D0004C734 /* FMConsoleController_iPad.xib */; };
		DE800562147D980E0004C734 /* FMConsoleController_iPhone.xib in Resources */ = {isa = PBXBuildFile; fileRef = DE80051E147D980D0004C734 /* FMConsoleController_iPhone.xib */; };
		DE800563147D980E0004C734 /* FMDataDrive.png in Resources */ = {isa = PBXBuildFile; fileRef = DE80051F147D980D0004C734 /* FMDataDrive.png */; };
		DE800564147D980E0004C734 /* FMDelete.png in Resources */ = {isa = PBXBuildFile; fileRef = DE800520147D980D0004C734 /* FMDelete.png */; };
		DE800565147D980E0004C734 /* FMEdit.png in Resources */ = {isa = PBXBuildFile; fileRef = DE800521147D980D0004C734 /* FMEdit.png */; };
		DE800566147D980E0004C734 /* FMGetVariable.png in Resources */ = {isa = PBXBuildFile; fileRef = DE800522147D980D0004C734 /* FMGetVariable.png */; };
		DE800567147D980E0004C734 /* FMGorilla_iPad.xib in Resources */ = {isa = PBXBuildFile; fileRef = DE800523147D980D0004C734 /* FMGorilla_iPad.xib */; };
		DE800568147D980E0004C734 /* FMGorilla_iPhone.xib in Resources */ = {isa = PBXBuildFile; fileRef = DE800524147D980D0004C734 /* FMGorilla_iPhone.xib */; };
		DE800569147D980E0004C734 /* FMGorillaView_iPad.xib in Resources */ = {isa = PBXBuildFile; fileRef = DE800525147D980D0004C734 /* FMGorillaView_iPad.xib */; };
		DE80056A147D980E0004C734 /* FMGorillaView_iPhone.xib in Resources */ = {isa = PBXBuildFile; fileRef = DE800526147D980D0004C734 /* FMGorillaView_iPhone.xib */; };
		DE80056B147D980E0004C734 /* FMInputText.png in Resources */ = {isa = PBXBuildFile; fileRef = DE800527147D980D0004C734 /* FMInputText.png */; };
		DE80056C147D980E0004C734 /* FMObjConnect.html in Resources */ = {isa = PBXBuildFile; fileRef = DE800528147D980D0004C734 /* FMObjConnect.html */; };
		DE80056D147D980E0004C734 /* FMObjConnect.jslib in Resources */ = {isa = PBXBuildFile; fileRef = DE800529147D980D0004C734 /* FMObjConnect.jslib */; };
		DE80056E147D980E0004C734 /* FMOpenScriptDialog_iPad.xib in Resources */ = {isa = PBXBuildFile; fileRef = DE80052A147D980D0004C734 /* FMOpenScriptDialog_iPad.xib */; };
		DE80056F147D980E0004C734 /* FMOpenScriptDialog_iPhone.xib in Resources */ = {isa = PBXBuildFile; fileRef = DE80052B147D980D0004C734 /* FMOpenScriptDialog_iPhone.xib */; };
		DE800570147D980E0004C734 /* FMPauseMovie.png in Resources */ = {isa = PBXBuildFile; fileRef = DE80052C147D980D0004C734 /* FMPauseMovie.png */; };
		DE800571147D980E0004C734 /* FMPlayMovie.png in Resources */ = {isa = PBXBuildFile; fileRef = DE80052D147D980D0004C734 /* FMPlayMovie.png */; };
		DE800572147D980E0004C734 /* FMQunitAPI.jslib in Resources */ = {isa = PBXBuildFile; fileRef = DE80052E147D980D0004C734 /* FMQunitAPI.jslib */; };
		DE800573147D980E0004C734 /* FMReturn.png in Resources */ = {isa = PBXBuildFile; fileRef = DE80052F147D980D0004C734 /* FMReturn.png */; };
		DE800574147D980E0004C734 /* FMRotate.png in Resources */ = {isa = PBXBuildFile; fileRef = DE800530147D980D0004C734 /* FMRotate.png */; };
		DE800575147D980E0004C734 /* FMSaveScriptDialog_iPad.xib in Resources */ = {isa = PBXBuildFile; fileRef = DE800531147D980D0004C734 /* FMSaveScriptDialog_iPad.xib */; };
		DE800576147D980E0004C734 /* FMSaveScriptDialog_iPhone.xib in Resources */ = {isa = PBXBuildFile; fileRef = DE800532147D980D0004C734 /* FMSaveScriptDialog_iPhone.xib */; };
		DE800577147D980E0004C734 /* FMTouch.png in Resources */ = {isa = PBXBuildFile; fileRef = DE800533147D980D0004C734 /* FMTouch.png */; };
		DE800578147D980E0004C734 /* FoneMonkey.jslib in Resources */ = {isa = PBXBuildFile; fileRef = DE800534147D980D0004C734 /* FoneMonkey.jslib */; };
		DE800579147D980E0004C734 /* gorilla-32.png in Resources */ = {isa = PBXBuildFile; fileRef = DE800535147D980D0004C734 /* gorilla-32.png */; };
		DE80057A147D980E0004C734 /* gorillalogic.png in Resources */ = {isa = PBXBuildFile; fileRef = DE800536147D980D0004C734 /* gorillalogic.png */; };
		DE80057B147D980E0004C734 /* icon_arrow_down.png in Resources */ = {isa = PBXBuildFile; fileRef = DE800537147D980D0004C734 /* icon_arrow_down.png */; };
		DE80057C147D980E0004C734 /* icon_arrow_up.png in Resources */ = {isa = PBXBuildFile; fileRef = DE800538147D980D0004C734 /* icon_arrow_up.png */; };
		DE80057D147D980E0004C734 /* icon_controls_3.png in Resources */ = {isa = PBXBuildFile; fileRef = DE800539147D980D0004C734 /* icon_controls_3.png */; };
		DE80057E147D980E0004C734 /* icon_controls_4.png in Resources */ = {isa = PBXBuildFile; fileRef = DE80053A147D980D0004C734 /* icon_controls_4.png */; };
		DE80057F147D980E0004C734 /* icon_filming.png in Resources */ = {isa = PBXBuildFile; fileRef = DE80053B147D980D0004C734 /* icon_filming.png */; };
		DE800580147D980E0004C734 /* icon_script.png in Resources */ = {isa = PBXBuildFile; fileRef = DE80053C147D980D0004C734 /* icon_script.png */; };
		DE800581147D980E0004C734 /* icon_timer.png in Resources */ = {isa = PBXBuildFile; fileRef = DE80053D147D980D0004C734 /* icon_timer.png */; };
		DE800582147D980E0004C734 /* jquery-latest.jslib in Resources */ = {isa = PBXBuildFile; fileRef = DE80053E147D980D0004C734 /* jquery-latest.jslib */; };
		DE800583147D980E0004C734 /* Move.png in Resources */ = {isa = PBXBuildFile; fileRef = DE80053F147D980D0004C734 /* Move.png */; };
		DE800584147D980E0004C734 /* objc.template in Resources */ = {isa = PBXBuildFile; fileRef = DE800540147D980D0004C734 /* objc.template */; };
		DE800585147D980E0004C734 /* Pause.png in Resources */ = {isa = PBXBuildFile; fileRef = DE800541147D980D0004C734 /* Pause.png */; };
		DE800586147D980E0004C734 /* qunit.css in Resources */ = {isa = PBXBuildFile; fileRef = DE800542147D980D0004C734 /* qunit.css */; };
		DE800587147D980E0004C734 /* qunit.jslib in Resources */ = {isa = PBXBuildFile; fileRef = DE800543147D980D0004C734 /* qunit.jslib */; };
		DE800588147D980E0004C734 /* qunit.template in Resources */ = {isa = PBXBuildFile; fileRef = DE800544147D980D0004C734 /* qunit.template */; };
		DE800589147D980E0004C734 /* Scroll.png in Resources */ = {isa = PBXBuildFile; fileRef = DE800545147D980D0004C734 /* Scroll.png */; };
		DE80058A147D980E0004C734 /* ScrollDown.png in Resources */ = {isa = PBXBuildFile; fileRef = DE800546147D980D0004C734 /* ScrollDown.png */; };
		DE80058B147D980E0004C734 /* ScrollLeft.png in Resources */ = {isa = PBXBuildFile; fileRef = DE800547147D980D0004C734 /* ScrollLeft.png */; };
		DE80058C147D980E0004C734 /* ScrollRight.png in Resources */ = {isa = PBXBuildFile; fileRef = DE800548147D980D0004C734 /* ScrollRight.png */; };
		DE80058D147D980E0004C734 /* ScrollUp.png in Resources */ = {isa = PBXBuildFile; fileRef = DE800549147D980D0004C734 /* ScrollUp.png */; };
		DE80058E147D980E0004C734 /* Select.png in Resources */ = {isa = PBXBuildFile; fileRef = DE80054A147D980D0004C734 /* Select.png */; };
		DE80058F147D980E0004C734 /* Shake.png in Resources */ = {isa = PBXBuildFile; fileRef = DE80054B147D980D0004C734 /* Shake.png */; };
		DE800590147D980E0004C734 /* Slide.png in Resources */ = {isa = PBXBuildFile; fileRef = DE80054C147D980D0004C734 /* Slide.png */; };
		DE800591147D980E0004C734 /* Switch.png in Resources */ = {isa = PBXBuildFile; fileRef = DE80054D147D980D0004C734 /* Switch.png */; };
		DE800592147D980E0004C734 /* Tab.png in Resources */ = {isa = PBXBuildFile; fileRef = DE80054E147D980D0004C734 /* Tab.png */; };
		DE800593147D980E0004C734 /* TouchLeft.png in Resources */ = {isa = PBXBuildFile; fileRef = DE80054F147D980D0004C734 /* TouchLeft.png */; };
		DE800594147D980E0004C734 /* TouchRight.png in Resources */ = {isa = PBXBuildFile; fileRef = DE800550147D980D0004C734 /* TouchRight.png */; };
		DE800595147D980E0004C734 /* uiautomation.template in Resources */ = {isa = PBXBuildFile; fileRef = DE800551147D980D0004C734 /* uiautomation.template */; };
		DE800596147D980E0004C734 /* Verify.png in Resources */ = {isa = PBXBuildFile; fileRef = DE800552147D980D0004C734 /* Verify.png */; };
		DE800597147D980E0004C734 /* VScroll.png in Resources */ = {isa = PBXBuildFile; fileRef = DE800553147D980D0004C734 /* VScroll.png */; };
		DE800598147D980E0004C734 /* WaitFor.png in Resources */ = {isa = PBXBuildFile; fileRef = DE800554147D980D0004C734 /* WaitFor.png */; };
		DECB5559147D991700D108F3 /* libxml2.dylib in Frameworks */ = {isa = PBXBuildFile; fileRef = DECB5558147D991700D108F3 /* libxml2.dylib */; };
		DECB555C147D992700D108F3 /* SenTestingKit.framework in Frameworks */ = {isa = PBXBuildFile; fileRef = DECB555B147D992700D108F3 /* SenTestingKit.framework */; };
/* End PBXBuildFile section */

/* Begin PBXFileReference section */
		18313FEC11CFCF7E00C521F1 /* ApplicationFlow.png */ = {isa = PBXFileReference; lastKnownFileType = image.png; path = ApplicationFlow.png; sourceTree = "<group>"; };
		18313FED11CFCF7E00C521F1 /* Default.png */ = {isa = PBXFileReference; lastKnownFileType = image.png; path = Default.png; sourceTree = "<group>"; };
		18313FF011CFCFAB00C521F1 /* Icon.png */ = {isa = PBXFileReference; lastKnownFileType = image.png; path = Icon.png; sourceTree = "<group>"; };
		1D30AB110D05D00D00671497 /* Foundation.framework */ = {isa = PBXFileReference; lastKnownFileType = wrapper.framework; name = Foundation.framework; path = System/Library/Frameworks/Foundation.framework; sourceTree = SDKROOT; };
		1D3623240D0F684500981E51 /* TheElementsAppDelegate.h */ = {isa = PBXFileReference; fileEncoding = 4; lastKnownFileType = sourcecode.c.h; path = TheElementsAppDelegate.h; sourceTree = "<group>"; };
		1D3623250D0F684500981E51 /* TheElementsAppDelegate.m */ = {isa = PBXFileReference; fileEncoding = 4; lastKnownFileType = sourcecode.c.objc; path = TheElementsAppDelegate.m; sourceTree = "<group>"; };
		1D3623EB0D0F72F000981E51 /* CoreGraphics.framework */ = {isa = PBXFileReference; lastKnownFileType = wrapper.framework; name = CoreGraphics.framework; path = System/Library/Frameworks/CoreGraphics.framework; sourceTree = SDKROOT; };
		1D6058910D05DD3D006BFB54 /* TheElements.app */ = {isa = PBXFileReference; explicitFileType = wrapper.application; includeInIndex = 0; path = TheElements.app; sourceTree = BUILT_PRODUCTS_DIR; };
		1DF5F4DF0D08C38300B7A737 /* UIKit.framework */ = {isa = PBXFileReference; lastKnownFileType = wrapper.framework; name = UIKit.framework; path = System/Library/Frameworks/UIKit.framework; sourceTree = SDKROOT; };
		2883B6A00D944613003F08B5 /* QuartzCore.framework */ = {isa = PBXFileReference; lastKnownFileType = wrapper.framework; name = QuartzCore.framework; path = System/Library/Frameworks/QuartzCore.framework; sourceTree = SDKROOT; };
		29B97316FDCFA39411CA2CEA /* main.m */ = {isa = PBXFileReference; fileEncoding = 4; lastKnownFileType = sourcecode.c.objc; path = main.m; sourceTree = "<group>"; };
		32CA4F630368D1EE00C91783 /* TheElements_Prefix.pch */ = {isa = PBXFileReference; fileEncoding = 4; lastKnownFileType = sourcecode.c.h; path = TheElements_Prefix.pch; sourceTree = "<group>"; };
		53339B0311D27E76007AD342 /* Icon-72.png */ = {isa = PBXFileReference; lastKnownFileType = image.png; path = "Icon-72.png"; sourceTree = "<group>"; };
		53339B0411D27E76007AD342 /* Icon-Small-50.png */ = {isa = PBXFileReference; lastKnownFileType = image.png; path = "Icon-Small-50.png"; sourceTree = "<group>"; };
		53339B0511D27E76007AD342 /* Icon-Small.png */ = {isa = PBXFileReference; lastKnownFileType = image.png; path = "Icon-Small.png"; sourceTree = "<group>"; };
		53339B0611D27E76007AD342 /* Icon-Small@2x.png */ = {isa = PBXFileReference; lastKnownFileType = image.png; path = "Icon-Small@2x.png"; sourceTree = "<group>"; };
		53339B0811D27E76007AD342 /* Icon@2x.png */ = {isa = PBXFileReference; lastKnownFileType = image.png; path = "Icon@2x.png"; sourceTree = "<group>"; };
		53339B0911D27E76007AD342 /* iTunesArtwork */ = {isa = PBXFileReference; lastKnownFileType = file; path = iTunesArtwork; sourceTree = "<group>"; };
		53B194650FB4DD8100B35AC9 /* Readme.txt */ = {isa = PBXFileReference; fileEncoding = 4; lastKnownFileType = text; path = Readme.txt; sourceTree = "<group>"; };
		8D1107310486CEB800E47090 /* Info.plist */ = {isa = PBXFileReference; fileEncoding = 4; lastKnownFileType = text.plist.xml; path = Info.plist; sourceTree = "<group>"; };
		C81948510D623D4E00632525 /* ElementsDataSourceProtocol.h */ = {isa = PBXFileReference; fileEncoding = 4; lastKnownFileType = sourcecode.c.h; path = ElementsDataSourceProtocol.h; sourceTree = "<group>"; };
		C839ED3C0D9E0F270016B510 /* flipper_list_blue.png */ = {isa = PBXFileReference; lastKnownFileType = image.png; path = flipper_list_blue.png; sourceTree = "<group>"; };
		C844D0400D70BEBE002C7CFD /* AtomicElementFlippedView.h */ = {isa = PBXFileReference; fileEncoding = 4; lastKnownFileType = sourcecode.c.h; path = AtomicElementFlippedView.h; sourceTree = "<group>"; };
		C844D0410D70BEBE002C7CFD /* AtomicElementFlippedView.m */ = {isa = PBXFileReference; fileEncoding = 4; lastKnownFileType = sourcecode.c.objc; path = AtomicElementFlippedView.m; sourceTree = "<group>"; };
		C8657C230D59017B00CB6FC9 /* Elements.plist */ = {isa = PBXFileReference; fileEncoding = 4; lastKnownFileType = text.plist.xml; path = Elements.plist; sourceTree = "<group>"; };
		C87B586D0DA580910072D2B4 /* Readme.txt */ = {isa = PBXFileReference; fileEncoding = 4; lastKnownFileType = text; path = Readme.txt; sourceTree = "<group>"; };
		C87D9ED50D65203C006094E8 /* AtomicElementTileView.h */ = {isa = PBXFileReference; fileEncoding = 4; lastKnownFileType = sourcecode.c.h; path = AtomicElementTileView.h; sourceTree = "<group>"; };
		C87D9ED60D65203C006094E8 /* AtomicElementTileView.m */ = {isa = PBXFileReference; fileEncoding = 4; lastKnownFileType = sourcecode.c.objc; path = AtomicElementTileView.m; sourceTree = "<group>"; };
		C8842F890D61528100816072 /* AtomicElementViewController.h */ = {isa = PBXFileReference; fileEncoding = 4; lastKnownFileType = sourcecode.c.h; path = AtomicElementViewController.h; sourceTree = "<group>"; };
		C8842F8A0D61528100816072 /* AtomicElementViewController.m */ = {isa = PBXFileReference; fileEncoding = 4; lastKnownFileType = sourcecode.c.objc; path = AtomicElementViewController.m; sourceTree = "<group>"; };
		C89ACE750DA4A34F006AB9BA /* Gas_30.png */ = {isa = PBXFileReference; lastKnownFileType = image.png; path = Gas_30.png; sourceTree = "<group>"; };
		C89ACE770DA4A359006AB9BA /* Solid_30.png */ = {isa = PBXFileReference; lastKnownFileType = image.png; path = Solid_30.png; sourceTree = "<group>"; };
		C89ACE790DA4A35E006AB9BA /* Liquid_30.png */ = {isa = PBXFileReference; lastKnownFileType = image.png; path = Liquid_30.png; sourceTree = "<group>"; };
		C89ACE7B0DA4A363006AB9BA /* Artificial_30.png */ = {isa = PBXFileReference; lastKnownFileType = image.png; path = Artificial_30.png; sourceTree = "<group>"; };
		C8B477C30D626E3700EA3613 /* Artificial_37.png */ = {isa = PBXFileReference; lastKnownFileType = image.png; path = Artificial_37.png; sourceTree = "<group>"; };
		C8B477C40D626E3700EA3613 /* Gas_37.png */ = {isa = PBXFileReference; lastKnownFileType = image.png; path = Gas_37.png; sourceTree = "<group>"; };
		C8B477C50D626E3700EA3613 /* Liquid_37.png */ = {isa = PBXFileReference; lastKnownFileType = image.png; path = Liquid_37.png; sourceTree = "<group>"; };
		C8B477C60D626E3700EA3613 /* Solid_37.png */ = {isa = PBXFileReference; lastKnownFileType = image.png; path = Solid_37.png; sourceTree = "<group>"; };
		C8B477EA0D62715A00EA3613 /* AtomicElementView.h */ = {isa = PBXFileReference; fileEncoding = 4; lastKnownFileType = sourcecode.c.h; path = AtomicElementView.h; sourceTree = "<group>"; };
		C8B477EB0D62715A00EA3613 /* AtomicElementView.m */ = {isa = PBXFileReference; fileEncoding = 4; lastKnownFileType = sourcecode.c.objc; path = AtomicElementView.m; sourceTree = "<group>"; };
		C8DE42700D581B7B00AFE181 /* AtomicElement.h */ = {isa = PBXFileReference; fileEncoding = 4; lastKnownFileType = sourcecode.c.h; path = AtomicElement.h; sourceTree = "<group>"; };
		C8DE42710D581B7B00AFE181 /* AtomicElement.m */ = {isa = PBXFileReference; fileEncoding = 4; lastKnownFileType = sourcecode.c.objc; path = AtomicElement.m; sourceTree = "<group>"; };
		C8DE42720D581B7B00AFE181 /* AtomicElementTableViewCell.h */ = {isa = PBXFileReference; fileEncoding = 4; lastKnownFileType = sourcecode.c.h; path = AtomicElementTableViewCell.h; sourceTree = "<group>"; };
		C8DE42730D581B7B00AFE181 /* AtomicElementTableViewCell.m */ = {isa = PBXFileReference; fileEncoding = 4; lastKnownFileType = sourcecode.c.objc; path = AtomicElementTableViewCell.m; sourceTree = "<group>"; };
		C8DE42740D581B7B00AFE181 /* ElementsSortedByAtomicNumberDataSource.h */ = {isa = PBXFileReference; fileEncoding = 4; lastKnownFileType = sourcecode.c.h; path = ElementsSortedByAtomicNumberDataSource.h; sourceTree = "<group>"; };
		C8DE42750D581B7B00AFE181 /* ElementsSortedByAtomicNumberDataSource.m */ = {isa = PBXFileReference; fileEncoding = 4; lastKnownFileType = sourcecode.c.objc; path = ElementsSortedByAtomicNumberDataSource.m; sourceTree = "<group>"; };
		C8DE42760D581B7B00AFE181 /* ElementsSortedByStateDataSource.h */ = {isa = PBXFileReference; fileEncoding = 4; lastKnownFileType = sourcecode.c.h; path = ElementsSortedByStateDataSource.h; sourceTree = "<group>"; };
		C8DE42770D581B7B00AFE181 /* ElementsSortedByStateDataSource.m */ = {isa = PBXFileReference; fileEncoding = 4; lastKnownFileType = sourcecode.c.objc; path = ElementsSortedByStateDataSource.m; sourceTree = "<group>"; };
		C8DE42780D581B7B00AFE181 /* ElementsSortedBySymbolDataSource.h */ = {isa = PBXFileReference; fileEncoding = 4; lastKnownFileType = sourcecode.c.h; path = ElementsSortedBySymbolDataSource.h; sourceTree = "<group>"; };
		C8DE42790D581B7B00AFE181 /* ElementsSortedBySymbolDataSource.m */ = {isa = PBXFileReference; fileEncoding = 4; lastKnownFileType = sourcecode.c.objc; path = ElementsSortedBySymbolDataSource.m; sourceTree = "<group>"; };
		C8DE427A0D581B7B00AFE181 /* ElementsSortedByNameDataSource.h */ = {isa = PBXFileReference; fileEncoding = 4; lastKnownFileType = sourcecode.c.h; path = ElementsSortedByNameDataSource.h; sourceTree = "<group>"; };
		C8DE427B0D581B7B00AFE181 /* ElementsSortedByNameDataSource.m */ = {isa = PBXFileReference; fileEncoding = 4; lastKnownFileType = sourcecode.c.objc; path = ElementsSortedByNameDataSource.m; sourceTree = "<group>"; };
		C8DE427C0D581B7B00AFE181 /* PeriodicElements.h */ = {isa = PBXFileReference; fileEncoding = 4; lastKnownFileType = sourcecode.c.h; path = PeriodicElements.h; sourceTree = "<group>"; };
		C8DE427D0D581B7B00AFE181 /* PeriodicElements.m */ = {isa = PBXFileReference; fileEncoding = 4; lastKnownFileType = sourcecode.c.objc; path = PeriodicElements.m; sourceTree = "<group>"; };
		C8E2AC650D5B7AAE0056EE5C /* Artificial_24.png */ = {isa = PBXFileReference; lastKnownFileType = image.png; path = Artificial_24.png; sourceTree = "<group>"; };
		C8E2AC660D5B7AAE0056EE5C /* Artificial_256.png */ = {isa = PBXFileReference; lastKnownFileType = image.png; path = Artificial_256.png; sourceTree = "<group>"; };
		C8E2AC680D5B7AAE0056EE5C /* Gas_24.png */ = {isa = PBXFileReference; lastKnownFileType = image.png; path = Gas_24.png; sourceTree = "<group>"; };
		C8E2AC690D5B7AAE0056EE5C /* Gas_256.png */ = {isa = PBXFileReference; lastKnownFileType = image.png; path = Gas_256.png; sourceTree = "<group>"; };
		C8E2AC6A0D5B7AAE0056EE5C /* Liquid_24.png */ = {isa = PBXFileReference; lastKnownFileType = image.png; path = Liquid_24.png; sourceTree = "<group>"; };
		C8E2AC6B0D5B7AAE0056EE5C /* Liquid_256.png */ = {isa = PBXFileReference; lastKnownFileType = image.png; path = Liquid_256.png; sourceTree = "<group>"; };
		C8E2AC6C0D5B7AAE0056EE5C /* Solid_24.png */ = {isa = PBXFileReference; lastKnownFileType = image.png; path = Solid_24.png; sourceTree = "<group>"; };
		C8E2AC6D0D5B7AAE0056EE5C /* Solid_256.png */ = {isa = PBXFileReference; lastKnownFileType = image.png; path = Solid_256.png; sourceTree = "<group>"; };
		C8E2AC780D5B7B290056EE5C /* name_gray.png */ = {isa = PBXFileReference; lastKnownFileType = image.png; path = name_gray.png; sourceTree = "<group>"; };
		C8E2AC7A0D5B7B290056EE5C /* number_gray.png */ = {isa = PBXFileReference; lastKnownFileType = image.png; path = number_gray.png; sourceTree = "<group>"; };
		C8E2AC7C0D5B7B290056EE5C /* state_gray.png */ = {isa = PBXFileReference; lastKnownFileType = image.png; path = state_gray.png; sourceTree = "<group>"; };
		C8E2AC7E0D5B7B290056EE5C /* symbol_gray.png */ = {isa = PBXFileReference; lastKnownFileType = image.png; path = symbol_gray.png; sourceTree = "<group>"; };
		C8E2AC800D5B7B290056EE5C /* table_gray.png */ = {isa = PBXFileReference; lastKnownFileType = image.png; path = table_gray.png; sourceTree = "<group>"; };
		C8E2ACA40D5B7C950056EE5C /* ElementsTableViewController.h */ = {isa = PBXFileReference; fileEncoding = 4; lastKnownFileType = sourcecode.c.h; path = ElementsTableViewController.h; sourceTree = "<group>"; };
		C8E2ACA50D5B7C950056EE5C /* ElementsTableViewController.m */ = {isa = PBXFileReference; fileEncoding = 4; lastKnownFileType = sourcecode.c.objc; path = ElementsTableViewController.m; sourceTree = "<group>"; };
		DE5D1213147D96EC008441B1 /* TheElements copy.app */ = {isa = PBXFileReference; explicitFileType = wrapper.application; includeInIndex = 0; path = "TheElements copy.app"; sourceTree = BUILT_PRODUCTS_DIR; };
		DE5D1216147D96EC008441B1 /* TheElementsMonkey-Info.plist */ = {isa = PBXFileReference; lastKnownFileType = text.plist.xml; name = "TheElementsMonkey-Info.plist"; path = "/Users/stevebaker/Documents/iOSProjects/TheElements/TheElementsMonkey-Info.plist"; sourceTree = "<absolute>"; };
		DE800507147D980D0004C734 /* iphonesim */ = {isa = PBXFileReference; lastKnownFileType = "compiled.mach-o.executable"; path = iphonesim; sourceTree = "<group>"; };
		DE800508147D980D0004C734 /* COPYRIGHT */ = {isa = PBXFileReference; fileEncoding = 4; lastKnownFileType = text; path = COPYRIGHT; sourceTree = "<group>"; };
		DE80050A147D980D0004C734 /* index.html */ = {isa = PBXFileReference; fileEncoding = 4; lastKnownFileType = text.html; path = index.html; sourceTree = "<group>"; };
		DE80050B147D980D0004C734 /* extralibs.zip */ = {isa = PBXFileReference; lastKnownFileType = archive.zip; path = extralibs.zip; sourceTree = "<group>"; };
		DE80050C147D980D0004C734 /* FoneMonkeyRunner.plist */ = {isa = PBXFileReference; fileEncoding = 4; lastKnownFileType = text.plist.xml; path = FoneMonkeyRunner.plist; sourceTree = "<group>"; };
		DE80050E147D980D0004C734 /* FMCommandEvent.h */ = {isa = PBXFileReference; fileEncoding = 4; lastKnownFileType = sourcecode.c.h; path = FMCommandEvent.h; sourceTree = "<group>"; };
		DE80050F147D980D0004C734 /* FoneMonkey+OCUnit.h */ = {isa = PBXFileReference; fileEncoding = 4; lastKnownFileType = sourcecode.c.h; path = "FoneMonkey+OCUnit.h"; sourceTree = "<group>"; };
		DE800510147D980D0004C734 /* FoneMonkeyAPI.h */ = {isa = PBXFileReference; fileEncoding = 4; lastKnownFileType = sourcecode.c.h; path = FoneMonkeyAPI.h; sourceTree = "<group>"; };
		DE800511147D980D0004C734 /* TouchSynthesis.h */ = {isa = PBXFileReference; fileEncoding = 4; lastKnownFileType = sourcecode.c.h; path = TouchSynthesis.h; sourceTree = "<group>"; };
		DE800512147D980D0004C734 /* UIControl+FMready.h */ = {isa = PBXFileReference; fileEncoding = 4; lastKnownFileType = sourcecode.c.h; path = "UIControl+FMready.h"; sourceTree = "<group>"; };
		DE800513147D980D0004C734 /* UIView+FMReady.h */ = {isa = PBXFileReference; fileEncoding = 4; lastKnownFileType = sourcecode.c.h; path = "UIView+FMReady.h"; sourceTree = "<group>"; };
		DE800515147D980D0004C734 /* libFoneMonkey.5.4a.beta.a */ = {isa = PBXFileReference; lastKnownFileType = archive.ar; path = libFoneMonkey.5.4a.beta.a; sourceTree = "<group>"; };
		DE800516147D980D0004C734 /* libFoneMonkeyOCUnit.5.4a.beta.a */ = {isa = PBXFileReference; lastKnownFileType = archive.ar; path = libFoneMonkeyOCUnit.5.4a.beta.a; sourceTree = "<group>"; };
		DE800517147D980D0004C734 /* ReleaseNotes.html */ = {isa = PBXFileReference; fileEncoding = 4; lastKnownFileType = text.html; path = ReleaseNotes.html; sourceTree = "<group>"; };
		DE800519147D980D0004C734 /* FMClear.png */ = {isa = PBXFileReference; lastKnownFileType = image.png; path = FMClear.png; sourceTree = "<group>"; };
		DE80051A147D980D0004C734 /* FMCommand.png */ = {isa = PBXFileReference; lastKnownFileType = image.png; path = FMCommand.png; sourceTree = "<group>"; };
		DE80051B147D980D0004C734 /* FMCommandEditViewController_iPad.xib */ = {isa = PBXFileReference; fileEncoding = 4; lastKnownFileType = file.xib; path = FMCommandEditViewController_iPad.xib; sourceTree = "<group>"; };
		DE80051C147D980D0004C734 /* FMCommandEditViewController_iPhone.xib */ = {isa = PBXFileReference; fileEncoding = 4; lastKnownFileType = file.xib; path = FMCommandEditViewController_iPhone.xib; sourceTree = "<group>"; };
		DE80051D147D980D0004C734 /* FMConsoleController_iPad.xib */ = {isa = PBXFileReference; fileEncoding = 4; lastKnownFileType = file.xib; path = FMConsoleController_iPad.xib; sourceTree = "<group>"; };
		DE80051E147D980D0004C734 /* FMConsoleController_iPhone.xib */ = {isa = PBXFileReference; fileEncoding = 4; lastKnownFileType = file.xib; path = FMConsoleController_iPhone.xib; sourceTree = "<group>"; };
		DE80051F147D980D0004C734 /* FMDataDrive.png */ = {isa = PBXFileReference; lastKnownFileType = image.png; path = FMDataDrive.png; sourceTree = "<group>"; };
		DE800520147D980D0004C734 /* FMDelete.png */ = {isa = PBXFileReference; lastKnownFileType = image.png; path = FMDelete.png; sourceTree = "<group>"; };
		DE800521147D980D0004C734 /* FMEdit.png */ = {isa = PBXFileReference; lastKnownFileType = image.png; path = FMEdit.png; sourceTree = "<group>"; };
		DE800522147D980D0004C734 /* FMGetVariable.png */ = {isa = PBXFileReference; lastKnownFileType = image.png; path = FMGetVariable.png; sourceTree = "<group>"; };
		DE800523147D980D0004C734 /* FMGorilla_iPad.xib */ = {isa = PBXFileReference; fileEncoding = 4; lastKnownFileType = file.xib; path = FMGorilla_iPad.xib; sourceTree = "<group>"; };
		DE800524147D980D0004C734 /* FMGorilla_iPhone.xib */ = {isa = PBXFileReference; fileEncoding = 4; lastKnownFileType = file.xib; path = FMGorilla_iPhone.xib; sourceTree = "<group>"; };
		DE800525147D980D0004C734 /* FMGorillaView_iPad.xib */ = {isa = PBXFileReference; fileEncoding = 4; lastKnownFileType = file.xib; path = FMGorillaView_iPad.xib; sourceTree = "<group>"; };
		DE800526147D980D0004C734 /* FMGorillaView_iPhone.xib */ = {isa = PBXFileReference; fileEncoding = 4; lastKnownFileType = file.xib; path = FMGorillaView_iPhone.xib; sourceTree = "<group>"; };
		DE800527147D980D0004C734 /* FMInputText.png */ = {isa = PBXFileReference; lastKnownFileType = image.png; path = FMInputText.png; sourceTree = "<group>"; };
		DE800528147D980D0004C734 /* FMObjConnect.html */ = {isa = PBXFileReference; fileEncoding = 4; lastKnownFileType = text.html; path = FMObjConnect.html; sourceTree = "<group>"; };
		DE800529147D980D0004C734 /* FMObjConnect.jslib */ = {isa = PBXFileReference; fileEncoding = 4; lastKnownFileType = text; path = FMObjConnect.jslib; sourceTree = "<group>"; };
		DE80052A147D980D0004C734 /* FMOpenScriptDialog_iPad.xib */ = {isa = PBXFileReference; fileEncoding = 4; lastKnownFileType = file.xib; path = FMOpenScriptDialog_iPad.xib; sourceTree = "<group>"; };
		DE80052B147D980D0004C734 /* FMOpenScriptDialog_iPhone.xib */ = {isa = PBXFileReference; fileEncoding = 4; lastKnownFileType = file.xib; path = FMOpenScriptDialog_iPhone.xib; sourceTree = "<group>"; };
		DE80052C147D980D0004C734 /* FMPauseMovie.png */ = {isa = PBXFileReference; lastKnownFileType = image.png; path = FMPauseMovie.png; sourceTree = "<group>"; };
		DE80052D147D980D0004C734 /* FMPlayMovie.png */ = {isa = PBXFileReference; lastKnownFileType = image.png; path = FMPlayMovie.png; sourceTree = "<group>"; };
		DE80052E147D980D0004C734 /* FMQunitAPI.jslib */ = {isa = PBXFileReference; fileEncoding = 4; lastKnownFileType = text; path = FMQunitAPI.jslib; sourceTree = "<group>"; };
		DE80052F147D980D0004C734 /* FMReturn.png */ = {isa = PBXFileReference; lastKnownFileType = image.png; path = FMReturn.png; sourceTree = "<group>"; };
		DE800530147D980D0004C734 /* FMRotate.png */ = {isa = PBXFileReference; lastKnownFileType = image.png; path = FMRotate.png; sourceTree = "<group>"; };
		DE800531147D980D0004C734 /* FMSaveScriptDialog_iPad.xib */ = {isa = PBXFileReference; fileEncoding = 4; lastKnownFileType = file.xib; path = FMSaveScriptDialog_iPad.xib; sourceTree = "<group>"; };
		DE800532147D980D0004C734 /* FMSaveScriptDialog_iPhone.xib */ = {isa = PBXFileReference; fileEncoding = 4; lastKnownFileType = file.xib; path = FMSaveScriptDialog_iPhone.xib; sourceTree = "<group>"; };
		DE800533147D980D0004C734 /* FMTouch.png */ = {isa = PBXFileReference; lastKnownFileType = image.png; path = FMTouch.png; sourceTree = "<group>"; };
		DE800534147D980D0004C734 /* FoneMonkey.jslib */ = {isa = PBXFileReference; fileEncoding = 4; lastKnownFileType = text; path = FoneMonkey.jslib; sourceTree = "<group>"; };
		DE800535147D980D0004C734 /* gorilla-32.png */ = {isa = PBXFileReference; lastKnownFileType = image.png; path = "gorilla-32.png"; sourceTree = "<group>"; };
		DE800536147D980D0004C734 /* gorillalogic.png */ = {isa = PBXFileReference; lastKnownFileType = image.png; path = gorillalogic.png; sourceTree = "<group>"; };
		DE800537147D980D0004C734 /* icon_arrow_down.png */ = {isa = PBXFileReference; lastKnownFileType = image.png; path = icon_arrow_down.png; sourceTree = "<group>"; };
		DE800538147D980D0004C734 /* icon_arrow_up.png */ = {isa = PBXFileReference; lastKnownFileType = image.png; path = icon_arrow_up.png; sourceTree = "<group>"; };
		DE800539147D980D0004C734 /* icon_controls_3.png */ = {isa = PBXFileReference; lastKnownFileType = image.png; path = icon_controls_3.png; sourceTree = "<group>"; };
		DE80053A147D980D0004C734 /* icon_controls_4.png */ = {isa = PBXFileReference; lastKnownFileType = image.png; path = icon_controls_4.png; sourceTree = "<group>"; };
		DE80053B147D980D0004C734 /* icon_filming.png */ = {isa = PBXFileReference; lastKnownFileType = image.png; path = icon_filming.png; sourceTree = "<group>"; };
		DE80053C147D980D0004C734 /* icon_script.png */ = {isa = PBXFileReference; lastKnownFileType = image.png; path = icon_script.png; sourceTree = "<group>"; };
		DE80053D147D980D0004C734 /* icon_timer.png */ = {isa = PBXFileReference; lastKnownFileType = image.png; path = icon_timer.png; sourceTree = "<group>"; };
		DE80053E147D980D0004C734 /* jquery-latest.jslib */ = {isa = PBXFileReference; fileEncoding = 4; lastKnownFileType = text; path = "jquery-latest.jslib"; sourceTree = "<group>"; };
		DE80053F147D980D0004C734 /* Move.png */ = {isa = PBXFileReference; lastKnownFileType = image.png; path = Move.png; sourceTree = "<group>"; };
		DE800540147D980D0004C734 /* objc.template */ = {isa = PBXFileReference; fileEncoding = 4; lastKnownFileType = text; path = objc.template; sourceTree = "<group>"; };
		DE800541147D980D0004C734 /* Pause.png */ = {isa = PBXFileReference; lastKnownFileType = image.png; path = Pause.png; sourceTree = "<group>"; };
		DE800542147D980D0004C734 /* qunit.css */ = {isa = PBXFileReference; fileEncoding = 4; lastKnownFileType = text.css; path = qunit.css; sourceTree = "<group>"; };
		DE800543147D980D0004C734 /* qunit.jslib */ = {isa = PBXFileReference; fileEncoding = 4; lastKnownFileType = text; path = qunit.jslib; sourceTree = "<group>"; };
		DE800544147D980D0004C734 /* qunit.template */ = {isa = PBXFileReference; fileEncoding = 4; lastKnownFileType = text; path = qunit.template; sourceTree = "<group>"; };
		DE800545147D980D0004C734 /* Scroll.png */ = {isa = PBXFileReference; lastKnownFileType = image.png; path = Scroll.png; sourceTree = "<group>"; };
		DE800546147D980D0004C734 /* ScrollDown.png */ = {isa = PBXFileReference; lastKnownFileType = image.png; path = ScrollDown.png; sourceTree = "<group>"; };
		DE800547147D980D0004C734 /* ScrollLeft.png */ = {isa = PBXFileReference; lastKnownFileType = image.png; path = ScrollLeft.png; sourceTree = "<group>"; };
		DE800548147D980D0004C734 /* ScrollRight.png */ = {isa = PBXFileReference; lastKnownFileType = image.png; path = ScrollRight.png; sourceTree = "<group>"; };
		DE800549147D980D0004C734 /* ScrollUp.png */ = {isa = PBXFileReference; lastKnownFileType = image.png; path = ScrollUp.png; sourceTree = "<group>"; };
		DE80054A147D980D0004C734 /* Select.png */ = {isa = PBXFileReference; lastKnownFileType = image.png; path = Select.png; sourceTree = "<group>"; };
		DE80054B147D980D0004C734 /* Shake.png */ = {isa = PBXFileReference; lastKnownFileType = image.png; path = Shake.png; sourceTree = "<group>"; };
		DE80054C147D980D0004C734 /* Slide.png */ = {isa = PBXFileReference; lastKnownFileType = image.png; path = Slide.png; sourceTree = "<group>"; };
		DE80054D147D980D0004C734 /* Switch.png */ = {isa = PBXFileReference; lastKnownFileType = image.png; path = Switch.png; sourceTree = "<group>"; };
		DE80054E147D980D0004C734 /* Tab.png */ = {isa = PBXFileReference; lastKnownFileType = image.png; path = Tab.png; sourceTree = "<group>"; };
		DE80054F147D980D0004C734 /* TouchLeft.png */ = {isa = PBXFileReference; lastKnownFileType = image.png; path = TouchLeft.png; sourceTree = "<group>"; };
		DE800550147D980D0004C734 /* TouchRight.png */ = {isa = PBXFileReference; lastKnownFileType = image.png; path = TouchRight.png; sourceTree = "<group>"; };
		DE800551147D980D0004C734 /* uiautomation.template */ = {isa = PBXFileReference; fileEncoding = 4; lastKnownFileType = text; path = uiautomation.template; sourceTree = "<group>"; };
		DE800552147D980D0004C734 /* Verify.png */ = {isa = PBXFileReference; lastKnownFileType = image.png; path = Verify.png; sourceTree = "<group>"; };
		DE800553147D980D0004C734 /* VScroll.png */ = {isa = PBXFileReference; lastKnownFileType = image.png; path = VScroll.png; sourceTree = "<group>"; };
		DE800554147D980D0004C734 /* WaitFor.png */ = {isa = PBXFileReference; lastKnownFileType = image.png; path = WaitFor.png; sourceTree = "<group>"; };
		DECB5558147D991700D108F3 /* libxml2.dylib */ = {isa = PBXFileReference; lastKnownFileType = "compiled.mach-o.dylib"; name = libxml2.dylib; path = usr/lib/libxml2.dylib; sourceTree = SDKROOT; };
		DECB555B147D992700D108F3 /* SenTestingKit.framework */ = {isa = PBXFileReference; lastKnownFileType = wrapper.framework; name = SenTestingKit.framework; path = Library/Frameworks/SenTestingKit.framework; sourceTree = DEVELOPER_DIR; };
/* End PBXFileReference section */

/* Begin PBXFrameworksBuildPhase section */
		1D60588F0D05DD3D006BFB54 /* Frameworks */ = {
			isa = PBXFrameworksBuildPhase;
			buildActionMask = 2147483647;
			files = (
				1D60589F0D05DD5A006BFB54 /* Foundation.framework in Frameworks */,
				1DF5F4E00D08C38300B7A737 /* UIKit.framework in Frameworks */,
				1D3623EC0D0F72F000981E51 /* CoreGraphics.framework in Frameworks */,
				2883B6A10D944613003F08B5 /* QuartzCore.framework in Frameworks */,
			);
			runOnlyForDeploymentPostprocessing = 0;
		};
		DE5D120B147D96EC008441B1 /* Frameworks */ = {
			isa = PBXFrameworksBuildPhase;
			buildActionMask = 2147483647;
			files = (
				DECB555C147D992700D108F3 /* SenTestingKit.framework in Frameworks */,
				DECB5559147D991700D108F3 /* libxml2.dylib in Frameworks */,
				DE5D120C147D96EC008441B1 /* Foundation.framework in Frameworks */,
				DE5D120D147D96EC008441B1 /* UIKit.framework in Frameworks */,
				DE5D120E147D96EC008441B1 /* CoreGraphics.framework in Frameworks */,
				DE5D120F147D96EC008441B1 /* QuartzCore.framework in Frameworks */,
				DE80055A147D980E0004C734 /* libFoneMonkey.5.4a.beta.a in Frameworks */,
				DE80055B147D980E0004C734 /* libFoneMonkeyOCUnit.5.4a.beta.a in Frameworks */,
			);
			runOnlyForDeploymentPostprocessing = 0;
		};
/* End PBXFrameworksBuildPhase section */

/* Begin PBXGroup section */
		080E96DDFE201D6D7F000001 /* Classes */ = {
			isa = PBXGroup;
			children = (
				C8842F8D0D61532D00816072 /* Single Element View */,
				C8285CEE0D5A4CB10036A28A /* TableView Representations */,
				C83CD92A0D5822910066AE4B /* Data Model */,
				C83CD92C0D5822C30066AE4B /* Application Support */,
			);
			path = Classes;
			sourceTree = "<group>";
		};
		1058C7A0FEA54F0111CA2CBB /* Linked Frameworks */ = {
			isa = PBXGroup;
			children = (
				DECB5558147D991700D108F3 /* libxml2.dylib */,
				DECB555B147D992700D108F3 /* SenTestingKit.framework */,
				1D3623EB0D0F72F000981E51 /* CoreGraphics.framework */,
				2883B6A00D944613003F08B5 /* QuartzCore.framework */,
				1DF5F4DF0D08C38300B7A737 /* UIKit.framework */,
				1D30AB110D05D00D00671497 /* Foundation.framework */,
			);
			name = "Linked Frameworks";
			sourceTree = "<group>";
		};
		19C28FACFE9D520D11CA2CBB /* Products */ = {
			isa = PBXGroup;
			children = (
				1D6058910D05DD3D006BFB54 /* TheElements.app */,
				DE5D1213147D96EC008441B1 /* TheElements copy.app */,
			);
			name = Products;
			sourceTree = "<group>";
		};
		29B97314FDCFA39411CA2CEA /* CustomTemplate */ = {
			isa = PBXGroup;
			children = (
				DE800505147D980D0004C734 /* FoneMonkey */,
				53B194650FB4DD8100B35AC9 /* Readme.txt */,
				080E96DDFE201D6D7F000001 /* Classes */,
				29B97315FDCFA39411CA2CEA /* Other Sources */,
				29B97317FDCFA39411CA2CEA /* Resources */,
				29B97323FDCFA39411CA2CEA /* Frameworks */,
				C81A17C90D66590100E26CF7 /* ReadMe and Other Documentation */,
				19C28FACFE9D520D11CA2CBB /* Products */,
				DE5D1216147D96EC008441B1 /* TheElementsMonkey-Info.plist */,
			);
			name = CustomTemplate;
			sourceTree = "<group>";
		};
		29B97315FDCFA39411CA2CEA /* Other Sources */ = {
			isa = PBXGroup;
			children = (
				32CA4F630368D1EE00C91783 /* TheElements_Prefix.pch */,
				29B97316FDCFA39411CA2CEA /* main.m */,
			);
			name = "Other Sources";
			sourceTree = "<group>";
		};
		29B97317FDCFA39411CA2CEA /* Resources */ = {
			isa = PBXGroup;
			children = (
				C8E2AC640D5B7AAE0056EE5C /* Images */,
				C8657C230D59017B00CB6FC9 /* Elements.plist */,
				8D1107310486CEB800E47090 /* Info.plist */,
			);
			name = Resources;
			sourceTree = "<group>";
		};
		29B97323FDCFA39411CA2CEA /* Frameworks */ = {
			isa = PBXGroup;
			children = (
				1058C7A0FEA54F0111CA2CBB /* Linked Frameworks */,
			);
			name = Frameworks;
			sourceTree = "<group>";
		};
		C819486C0D623ED800632525 /* Data Sources */ = {
			isa = PBXGroup;
			children = (
				C81948510D623D4E00632525 /* ElementsDataSourceProtocol.h */,
				C8DE427A0D581B7B00AFE181 /* ElementsSortedByNameDataSource.h */,
				C8DE427B0D581B7B00AFE181 /* ElementsSortedByNameDataSource.m */,
				C8DE42740D581B7B00AFE181 /* ElementsSortedByAtomicNumberDataSource.h */,
				C8DE42750D581B7B00AFE181 /* ElementsSortedByAtomicNumberDataSource.m */,
				C8DE42780D581B7B00AFE181 /* ElementsSortedBySymbolDataSource.h */,
				C8DE42790D581B7B00AFE181 /* ElementsSortedBySymbolDataSource.m */,
				C8DE42760D581B7B00AFE181 /* ElementsSortedByStateDataSource.h */,
				C8DE42770D581B7B00AFE181 /* ElementsSortedByStateDataSource.m */,
			);
			name = "Data Sources";
			sourceTree = "<group>";
		};
		C81A17C90D66590100E26CF7 /* ReadMe and Other Documentation */ = {
			isa = PBXGroup;
			children = (
				C87B586D0DA580910072D2B4 /* Readme.txt */,
			);
			name = "ReadMe and Other Documentation";
			sourceTree = "<group>";
		};
		C8285CEE0D5A4CB10036A28A /* TableView Representations */ = {
			isa = PBXGroup;
			children = (
				C83CD92B0D5822A80066AE4B /* View Controllers */,
				C83CD9290D58227B0066AE4B /* User Interface Elements */,
				C819486C0D623ED800632525 /* Data Sources */,
			);
			name = "TableView Representations";
			sourceTree = "<group>";
		};
		C83CD9290D58227B0066AE4B /* User Interface Elements */ = {
			isa = PBXGroup;
			children = (
				C87D9ED50D65203C006094E8 /* AtomicElementTileView.h */,
				C87D9ED60D65203C006094E8 /* AtomicElementTileView.m */,
				C8DE42720D581B7B00AFE181 /* AtomicElementTableViewCell.h */,
				C8DE42730D581B7B00AFE181 /* AtomicElementTableViewCell.m */,
			);
			name = "User Interface Elements";
			sourceTree = "<group>";
		};
		C83CD92A0D5822910066AE4B /* Data Model */ = {
			isa = PBXGroup;
			children = (
				C8DE42700D581B7B00AFE181 /* AtomicElement.h */,
				C8DE42710D581B7B00AFE181 /* AtomicElement.m */,
				C8DE427C0D581B7B00AFE181 /* PeriodicElements.h */,
				C8DE427D0D581B7B00AFE181 /* PeriodicElements.m */,
			);
			name = "Data Model";
			sourceTree = "<group>";
		};
		C83CD92B0D5822A80066AE4B /* View Controllers */ = {
			isa = PBXGroup;
			children = (
				C8E2ACA40D5B7C950056EE5C /* ElementsTableViewController.h */,
				C8E2ACA50D5B7C950056EE5C /* ElementsTableViewController.m */,
			);
			name = "View Controllers";
			sourceTree = "<group>";
		};
		C83CD92C0D5822C30066AE4B /* Application Support */ = {
			isa = PBXGroup;
			children = (
				1D3623240D0F684500981E51 /* TheElementsAppDelegate.h */,
				1D3623250D0F684500981E51 /* TheElementsAppDelegate.m */,
			);
			name = "Application Support";
			sourceTree = "<group>";
		};
		C8842F8D0D61532D00816072 /* Single Element View */ = {
			isa = PBXGroup;
			children = (
				C8842F8E0D61534F00816072 /* View Controllers */,
				C8B477E50D62713400EA3613 /* User Interface Elements */,
			);
			name = "Single Element View";
			sourceTree = "<group>";
		};
		C8842F8E0D61534F00816072 /* View Controllers */ = {
			isa = PBXGroup;
			children = (
				C8842F890D61528100816072 /* AtomicElementViewController.h */,
				C8842F8A0D61528100816072 /* AtomicElementViewController.m */,
			);
			name = "View Controllers";
			sourceTree = "<group>";
		};
		C8B477E50D62713400EA3613 /* User Interface Elements */ = {
			isa = PBXGroup;
			children = (
				C8B477EA0D62715A00EA3613 /* AtomicElementView.h */,
				C8B477EB0D62715A00EA3613 /* AtomicElementView.m */,
				C844D0400D70BEBE002C7CFD /* AtomicElementFlippedView.h */,
				C844D0410D70BEBE002C7CFD /* AtomicElementFlippedView.m */,
			);
			name = "User Interface Elements";
			sourceTree = "<group>";
		};
		C8B477EE0D6271EC00EA3613 /* Tab Bar Images */ = {
			isa = PBXGroup;
			children = (
				C8E2AC780D5B7B290056EE5C /* name_gray.png */,
				C8E2AC7A0D5B7B290056EE5C /* number_gray.png */,
				C8E2AC7C0D5B7B290056EE5C /* state_gray.png */,
				C8E2AC7E0D5B7B290056EE5C /* symbol_gray.png */,
				C8E2AC800D5B7B290056EE5C /* table_gray.png */,
			);
			name = "Tab Bar Images";
			sourceTree = "<group>";
		};
		C8B477EF0D62720A00EA3613 /* Element Backgrounds */ = {
			isa = PBXGroup;
			children = (
				C8B477C30D626E3700EA3613 /* Artificial_37.png */,
				C89ACE750DA4A34F006AB9BA /* Gas_30.png */,
				C89ACE770DA4A359006AB9BA /* Solid_30.png */,
				C89ACE7B0DA4A363006AB9BA /* Artificial_30.png */,
				C89ACE790DA4A35E006AB9BA /* Liquid_30.png */,
				C8B477C40D626E3700EA3613 /* Gas_37.png */,
				C8B477C50D626E3700EA3613 /* Liquid_37.png */,
				C8B477C60D626E3700EA3613 /* Solid_37.png */,
				C8E2AC650D5B7AAE0056EE5C /* Artificial_24.png */,
				C8E2AC660D5B7AAE0056EE5C /* Artificial_256.png */,
				C8E2AC680D5B7AAE0056EE5C /* Gas_24.png */,
				C8E2AC690D5B7AAE0056EE5C /* Gas_256.png */,
				C8E2AC6A0D5B7AAE0056EE5C /* Liquid_24.png */,
				C8E2AC6B0D5B7AAE0056EE5C /* Liquid_256.png */,
				C8E2AC6C0D5B7AAE0056EE5C /* Solid_24.png */,
				C8E2AC6D0D5B7AAE0056EE5C /* Solid_256.png */,
			);
			name = "Element Backgrounds";
			sourceTree = "<group>";
		};
		C8E2AC640D5B7AAE0056EE5C /* Images */ = {
			isa = PBXGroup;
			children = (
				18313FF011CFCFAB00C521F1 /* Icon.png */,
				53339B0311D27E76007AD342 /* Icon-72.png */,
				53339B0411D27E76007AD342 /* Icon-Small-50.png */,
				53339B0511D27E76007AD342 /* Icon-Small.png */,
				53339B0611D27E76007AD342 /* Icon-Small@2x.png */,
				53339B0811D27E76007AD342 /* Icon@2x.png */,
				53339B0911D27E76007AD342 /* iTunesArtwork */,
				18313FEC11CFCF7E00C521F1 /* ApplicationFlow.png */,
				18313FED11CFCF7E00C521F1 /* Default.png */,
				C839ED3C0D9E0F270016B510 /* flipper_list_blue.png */,
				C8B477EE0D6271EC00EA3613 /* Tab Bar Images */,
				C8B477EF0D62720A00EA3613 /* Element Backgrounds */,
			);
			path = Images;
			sourceTree = "<group>";
		};
		DE800505147D980D0004C734 /* FoneMonkey */ = {
			isa = PBXGroup;
			children = (
				DE800506147D980D0004C734 /* bin */,
				DE800508147D980D0004C734 /* COPYRIGHT */,
				DE800509147D980D0004C734 /* docs */,
				DE80050B147D980D0004C734 /* extralibs.zip */,
				DE80050C147D980D0004C734 /* FoneMonkeyRunner.plist */,
				DE80050D147D980D0004C734 /* include */,
				DE800514147D980D0004C734 /* lib */,
				DE800517147D980D0004C734 /* ReleaseNotes.html */,
				DE800518147D980D0004C734 /* resources */,
			);
			path = FoneMonkey;
			sourceTree = "<group>";
		};
		DE800506147D980D0004C734 /* bin */ = {
			isa = PBXGroup;
			children = (
				DE800507147D980D0004C734 /* iphonesim */,
			);
			path = bin;
			sourceTree = "<group>";
		};
		DE800509147D980D0004C734 /* docs */ = {
			isa = PBXGroup;
			children = (
				DE80050A147D980D0004C734 /* index.html */,
			);
			path = docs;
			sourceTree = "<group>";
		};
		DE80050D147D980D0004C734 /* include */ = {
			isa = PBXGroup;
			children = (
				DE80050E147D980D0004C734 /* FMCommandEvent.h */,
				DE80050F147D980D0004C734 /* FoneMonkey+OCUnit.h */,
				DE800510147D980D0004C734 /* FoneMonkeyAPI.h */,
				DE800511147D980D0004C734 /* TouchSynthesis.h */,
				DE800512147D980D0004C734 /* UIControl+FMready.h */,
				DE800513147D980D0004C734 /* UIView+FMReady.h */,
			);
			path = include;
			sourceTree = "<group>";
		};
		DE800514147D980D0004C734 /* lib */ = {
			isa = PBXGroup;
			children = (
				DE800515147D980D0004C734 /* libFoneMonkey.5.4a.beta.a */,
				DE800516147D980D0004C734 /* libFoneMonkeyOCUnit.5.4a.beta.a */,
			);
			path = lib;
			sourceTree = "<group>";
		};
		DE800518147D980D0004C734 /* resources */ = {
			isa = PBXGroup;
			children = (
				DE800519147D980D0004C734 /* FMClear.png */,
				DE80051A147D980D0004C734 /* FMCommand.png */,
				DE80051B147D980D0004C734 /* FMCommandEditViewController_iPad.xib */,
				DE80051C147D980D0004C734 /* FMCommandEditViewController_iPhone.xib */,
				DE80051D147D980D0004C734 /* FMConsoleController_iPad.xib */,
				DE80051E147D980D0004C734 /* FMConsoleController_iPhone.xib */,
				DE80051F147D980D0004C734 /* FMDataDrive.png */,
				DE800520147D980D0004C734 /* FMDelete.png */,
				DE800521147D980D0004C734 /* FMEdit.png */,
				DE800522147D980D0004C734 /* FMGetVariable.png */,
				DE800523147D980D0004C734 /* FMGorilla_iPad.xib */,
				DE800524147D980D0004C734 /* FMGorilla_iPhone.xib */,
				DE800525147D980D0004C734 /* FMGorillaView_iPad.xib */,
				DE800526147D980D0004C734 /* FMGorillaView_iPhone.xib */,
				DE800527147D980D0004C734 /* FMInputText.png */,
				DE800528147D980D0004C734 /* FMObjConnect.html */,
				DE800529147D980D0004C734 /* FMObjConnect.jslib */,
				DE80052A147D980D0004C734 /* FMOpenScriptDialog_iPad.xib */,
				DE80052B147D980D0004C734 /* FMOpenScriptDialog_iPhone.xib */,
				DE80052C147D980D0004C734 /* FMPauseMovie.png */,
				DE80052D147D980D0004C734 /* FMPlayMovie.png */,
				DE80052E147D980D0004C734 /* FMQunitAPI.jslib */,
				DE80052F147D980D0004C734 /* FMReturn.png */,
				DE800530147D980D0004C734 /* FMRotate.png */,
				DE800531147D980D0004C734 /* FMSaveScriptDialog_iPad.xib */,
				DE800532147D980D0004C734 /* FMSaveScriptDialog_iPhone.xib */,
				DE800533147D980D0004C734 /* FMTouch.png */,
				DE800534147D980D0004C734 /* FoneMonkey.jslib */,
				DE800535147D980D0004C734 /* gorilla-32.png */,
				DE800536147D980D0004C734 /* gorillalogic.png */,
				DE800537147D980D0004C734 /* icon_arrow_down.png */,
				DE800538147D980D0004C734 /* icon_arrow_up.png */,
				DE800539147D980D0004C734 /* icon_controls_3.png */,
				DE80053A147D980D0004C734 /* icon_controls_4.png */,
				DE80053B147D980D0004C734 /* icon_filming.png */,
				DE80053C147D980D0004C734 /* icon_script.png */,
				DE80053D147D980D0004C734 /* icon_timer.png */,
				DE80053E147D980D0004C734 /* jquery-latest.jslib */,
				DE80053F147D980D0004C734 /* Move.png */,
				DE800540147D980D0004C734 /* objc.template */,
				DE800541147D980D0004C734 /* Pause.png */,
				DE800542147D980D0004C734 /* qunit.css */,
				DE800543147D980D0004C734 /* qunit.jslib */,
				DE800544147D980D0004C734 /* qunit.template */,
				DE800545147D980D0004C734 /* Scroll.png */,
				DE800546147D980D0004C734 /* ScrollDown.png */,
				DE800547147D980D0004C734 /* ScrollLeft.png */,
				DE800548147D980D0004C734 /* ScrollRight.png */,
				DE800549147D980D0004C734 /* ScrollUp.png */,
				DE80054A147D980D0004C734 /* Select.png */,
				DE80054B147D980D0004C734 /* Shake.png */,
				DE80054C147D980D0004C734 /* Slide.png */,
				DE80054D147D980D0004C734 /* Switch.png */,
				DE80054E147D980D0004C734 /* Tab.png */,
				DE80054F147D980D0004C734 /* TouchLeft.png */,
				DE800550147D980D0004C734 /* TouchRight.png */,
				DE800551147D980D0004C734 /* uiautomation.template */,
				DE800552147D980D0004C734 /* Verify.png */,
				DE800553147D980D0004C734 /* VScroll.png */,
				DE800554147D980D0004C734 /* WaitFor.png */,
			);
			path = resources;
			sourceTree = "<group>";
		};
/* End PBXGroup section */

/* Begin PBXNativeTarget section */
		1D6058900D05DD3D006BFB54 /* TheElements */ = {
			isa = PBXNativeTarget;
			buildConfigurationList = 1D6058960D05DD3E006BFB54 /* Build configuration list for PBXNativeTarget "TheElements" */;
			buildPhases = (
				1D60588D0D05DD3D006BFB54 /* Resources */,
				1D60588E0D05DD3D006BFB54 /* Sources */,
				1D60588F0D05DD3D006BFB54 /* Frameworks */,
			);
			buildRules = (
			);
			dependencies = (
			);
			name = TheElements;
			productName = foo;
			productReference = 1D6058910D05DD3D006BFB54 /* TheElements.app */;
			productType = "com.apple.product-type.application";
		};
		DE5D11DA147D96EC008441B1 /* TheElementsMonkey */ = {
			isa = PBXNativeTarget;
			buildConfigurationList = DE5D1210147D96EC008441B1 /* Build configuration list for PBXNativeTarget "TheElementsMonkey" */;
			buildPhases = (
				DE5D11DB147D96EC008441B1 /* Resources */,
				DE5D11FC147D96EC008441B1 /* Sources */,
				DE5D120B147D96EC008441B1 /* Frameworks */,
			);
			buildRules = (
			);
			dependencies = (
			);
			name = TheElementsMonkey;
			productName = foo;
			productReference = DE5D1213147D96EC008441B1 /* TheElements copy.app */;
			productType = "com.apple.product-type.application";
		};
/* End PBXNativeTarget section */

/* Begin PBXProject section */
		29B97313FDCFA39411CA2CEA /* Project object */ = {
			isa = PBXProject;
			buildConfigurationList = C01FCF4E08A954540054247B /* Build configuration list for PBXProject "TheElements" */;
			compatibilityVersion = "Xcode 3.1";
			developmentRegion = English;
			hasScannedForEncodings = 1;
			knownRegions = (
				en,
			);
			mainGroup = 29B97314FDCFA39411CA2CEA /* CustomTemplate */;
			projectDirPath = "";
			projectRoot = "";
			targets = (
				1D6058900D05DD3D006BFB54 /* TheElements */,
				DE5D11DA147D96EC008441B1 /* TheElementsMonkey */,
			);
		};
/* End PBXProject section */

/* Begin PBXResourcesBuildPhase section */
		1D60588D0D05DD3D006BFB54 /* Resources */ = {
			isa = PBXResourcesBuildPhase;
			buildActionMask = 2147483647;
			files = (
				C8657C240D59017B00CB6FC9 /* Elements.plist in Resources */,
				C8E2AC6E0D5B7AAE0056EE5C /* Artificial_24.png in Resources */,
				C8E2AC6F0D5B7AAE0056EE5C /* Artificial_256.png in Resources */,
				C8E2AC710D5B7AAE0056EE5C /* Gas_24.png in Resources */,
				C8E2AC720D5B7AAE0056EE5C /* Gas_256.png in Resources */,
				C8E2AC730D5B7AAE0056EE5C /* Liquid_24.png in Resources */,
				C8E2AC740D5B7AAE0056EE5C /* Liquid_256.png in Resources */,
				C8E2AC750D5B7AAE0056EE5C /* Solid_24.png in Resources */,
				C8E2AC760D5B7AAE0056EE5C /* Solid_256.png in Resources */,
				C8E2AC820D5B7B290056EE5C /* name_gray.png in Resources */,
				C8E2AC840D5B7B290056EE5C /* number_gray.png in Resources */,
				C8E2AC860D5B7B290056EE5C /* state_gray.png in Resources */,
				C8E2AC880D5B7B290056EE5C /* symbol_gray.png in Resources */,
				C8E2AC8A0D5B7B290056EE5C /* table_gray.png in Resources */,
				C8B477C70D626E3700EA3613 /* Artificial_37.png in Resources */,
				C8B477C80D626E3700EA3613 /* Gas_37.png in Resources */,
				C8B477C90D626E3700EA3613 /* Liquid_37.png in Resources */,
				C8B477CA0D626E3700EA3613 /* Solid_37.png in Resources */,
				C839ED3D0D9E0F270016B510 /* flipper_list_blue.png in Resources */,
				C89ACE760DA4A34F006AB9BA /* Gas_30.png in Resources */,
				C89ACE780DA4A359006AB9BA /* Solid_30.png in Resources */,
				C89ACE7A0DA4A35E006AB9BA /* Liquid_30.png in Resources */,
				C89ACE7C0DA4A363006AB9BA /* Artificial_30.png in Resources */,
				18313FEE11CFCF7E00C521F1 /* ApplicationFlow.png in Resources */,
				18313FEF11CFCF7E00C521F1 /* Default.png in Resources */,
				18313FF111CFCFAB00C521F1 /* Icon.png in Resources */,
				53339B0A11D27E76007AD342 /* Icon-72.png in Resources */,
				53339B0B11D27E76007AD342 /* Icon-Small-50.png in Resources */,
				53339B0C11D27E76007AD342 /* Icon-Small.png in Resources */,
				53339B0D11D27E76007AD342 /* Icon-Small@2x.png in Resources */,
				53339B0F11D27E76007AD342 /* Icon@2x.png in Resources */,
				53339B1011D27E76007AD342 /* iTunesArtwork in Resources */,
			);
			runOnlyForDeploymentPostprocessing = 0;
		};
		DE5D11DB147D96EC008441B1 /* Resources */ = {
			isa = PBXResourcesBuildPhase;
			buildActionMask = 2147483647;
			files = (
				DE5D11DC147D96EC008441B1 /* Elements.plist in Resources */,
				DE5D11DD147D96EC008441B1 /* Artificial_24.png in Resources */,
				DE5D11DE147D96EC008441B1 /* Artificial_256.png in Resources */,
				DE5D11DF147D96EC008441B1 /* Gas_24.png in Resources */,
				DE5D11E0147D96EC008441B1 /* Gas_256.png in Resources */,
				DE5D11E1147D96EC008441B1 /* Liquid_24.png in Resources */,
				DE5D11E2147D96EC008441B1 /* Liquid_256.png in Resources */,
				DE5D11E3147D96EC008441B1 /* Solid_24.png in Resources */,
				DE5D11E4147D96EC008441B1 /* Solid_256.png in Resources */,
				DE5D11E5147D96EC008441B1 /* name_gray.png in Resources */,
				DE5D11E6147D96EC008441B1 /* number_gray.png in Resources */,
				DE5D11E7147D96EC008441B1 /* state_gray.png in Resources */,
				DE5D11E8147D96EC008441B1 /* symbol_gray.png in Resources */,
				DE5D11E9147D96EC008441B1 /* table_gray.png in Resources */,
				DE5D11EA147D96EC008441B1 /* Artificial_37.png in Resources */,
				DE5D11EB147D96EC008441B1 /* Gas_37.png in Resources */,
				DE5D11EC147D96EC008441B1 /* Liquid_37.png in Resources */,
				DE5D11ED147D96EC008441B1 /* Solid_37.png in Resources */,
				DE5D11EE147D96EC008441B1 /* flipper_list_blue.png in Resources */,
				DE5D11EF147D96EC008441B1 /* Gas_30.png in Resources */,
				DE5D11F0147D96EC008441B1 /* Solid_30.png in Resources */,
				DE5D11F1147D96EC008441B1 /* Liquid_30.png in Resources */,
				DE5D11F2147D96EC008441B1 /* Artificial_30.png in Resources */,
				DE5D11F3147D96EC008441B1 /* ApplicationFlow.png in Resources */,
				DE5D11F4147D96EC008441B1 /* Default.png in Resources */,
				DE5D11F5147D96EC008441B1 /* Icon.png in Resources */,
				DE5D11F6147D96EC008441B1 /* Icon-72.png in Resources */,
				DE5D11F7147D96EC008441B1 /* Icon-Small-50.png in Resources */,
				DE5D11F8147D96EC008441B1 /* Icon-Small.png in Resources */,
				DE5D11F9147D96EC008441B1 /* Icon-Small@2x.png in Resources */,
				DE5D11FA147D96EC008441B1 /* Icon@2x.png in Resources */,
				DE5D11FB147D96EC008441B1 /* iTunesArtwork in Resources */,
				DE800555147D980E0004C734 /* iphonesim in Resources */,
				DE800556147D980E0004C734 /* COPYRIGHT in Resources */,
				DE800557147D980E0004C734 /* index.html in Resources */,
				DE800558147D980E0004C734 /* extralibs.zip in Resources */,
				DE800559147D980E0004C734 /* FoneMonkeyRunner.plist in Resources */,
				DE80055C147D980E0004C734 /* ReleaseNotes.html in Resources */,
				DE80055D147D980E0004C734 /* FMClear.png in Resources */,
				DE80055E147D980E0004C734 /* FMCommand.png in Resources */,
				DE80055F147D980E0004C734 /* FMCommandEditViewController_iPad.xib in Resources */,
				DE800560147D980E0004C734 /* FMCommandEditViewController_iPhone.xib in Resources */,
				DE800561147D980E0004C734 /* FMConsoleController_iPad.xib in Resources */,
				DE800562147D980E0004C734 /* FMConsoleController_iPhone.xib in Resources */,
				DE800563147D980E0004C734 /* FMDataDrive.png in Resources */,
				DE800564147D980E0004C734 /* FMDelete.png in Resources */,
				DE800565147D980E0004C734 /* FMEdit.png in Resources */,
				DE800566147D980E0004C734 /* FMGetVariable.png in Resources */,
				DE800567147D980E0004C734 /* FMGorilla_iPad.xib in Resources */,
				DE800568147D980E0004C734 /* FMGorilla_iPhone.xib in Resources */,
				DE800569147D980E0004C734 /* FMGorillaView_iPad.xib in Resources */,
				DE80056A147D980E0004C734 /* FMGorillaView_iPhone.xib in Resources */,
				DE80056B147D980E0004C734 /* FMInputText.png in Resources */,
				DE80056C147D980E0004C734 /* FMObjConnect.html in Resources */,
				DE80056D147D980E0004C734 /* FMObjConnect.jslib in Resources */,
				DE80056E147D980E0004C734 /* FMOpenScriptDialog_iPad.xib in Resources */,
				DE80056F147D980E0004C734 /* FMOpenScriptDialog_iPhone.xib in Resources */,
				DE800570147D980E0004C734 /* FMPauseMovie.png in Resources */,
				DE800571147D980E0004C734 /* FMPlayMovie.png in Resources */,
				DE800572147D980E0004C734 /* FMQunitAPI.jslib in Resources */,
				DE800573147D980E0004C734 /* FMReturn.png in Resources */,
				DE800574147D980E0004C734 /* FMRotate.png in Resources */,
				DE800575147D980E0004C734 /* FMSaveScriptDialog_iPad.xib in Resources */,
				DE800576147D980E0004C734 /* FMSaveScriptDialog_iPhone.xib in Resources */,
				DE800577147D980E0004C734 /* FMTouch.png in Resources */,
				DE800578147D980E0004C734 /* FoneMonkey.jslib in Resources */,
				DE800579147D980E0004C734 /* gorilla-32.png in Resources */,
				DE80057A147D980E0004C734 /* gorillalogic.png in Resources */,
				DE80057B147D980E0004C734 /* icon_arrow_down.png in Resources */,
				DE80057C147D980E0004C734 /* icon_arrow_up.png in Resources */,
				DE80057D147D980E0004C734 /* icon_controls_3.png in Resources */,
				DE80057E147D980E0004C734 /* icon_controls_4.png in Resources */,
				DE80057F147D980E0004C734 /* icon_filming.png in Resources */,
				DE800580147D980E0004C734 /* icon_script.png in Resources */,
				DE800581147D980E0004C734 /* icon_timer.png in Resources */,
				DE800582147D980E0004C734 /* jquery-latest.jslib in Resources */,
				DE800583147D980E0004C734 /* Move.png in Resources */,
				DE800584147D980E0004C734 /* objc.template in Resources */,
				DE800585147D980E0004C734 /* Pause.png in Resources */,
				DE800586147D980E0004C734 /* qunit.css in Resources */,
				DE800587147D980E0004C734 /* qunit.jslib in Resources */,
				DE800588147D980E0004C734 /* qunit.template in Resources */,
				DE800589147D980E0004C734 /* Scroll.png in Resources */,
				DE80058A147D980E0004C734 /* ScrollDown.png in Resources */,
				DE80058B147D980E0004C734 /* ScrollLeft.png in Resources */,
				DE80058C147D980E0004C734 /* ScrollRight.png in Resources */,
				DE80058D147D980E0004C734 /* ScrollUp.png in Resources */,
				DE80058E147D980E0004C734 /* Select.png in Resources */,
				DE80058F147D980E0004C734 /* Shake.png in Resources */,
				DE800590147D980E0004C734 /* Slide.png in Resources */,
				DE800591147D980E0004C734 /* Switch.png in Resources */,
				DE800592147D980E0004C734 /* Tab.png in Resources */,
				DE800593147D980E0004C734 /* TouchLeft.png in Resources */,
				DE800594147D980E0004C734 /* TouchRight.png in Resources */,
				DE800595147D980E0004C734 /* uiautomation.template in Resources */,
				DE800596147D980E0004C734 /* Verify.png in Resources */,
				DE800597147D980E0004C734 /* VScroll.png in Resources */,
				DE800598147D980E0004C734 /* WaitFor.png in Resources */,
			);
			runOnlyForDeploymentPostprocessing = 0;
		};
/* End PBXResourcesBuildPhase section */

/* Begin PBXSourcesBuildPhase section */
		1D60588E0D05DD3D006BFB54 /* Sources */ = {
			isa = PBXSourcesBuildPhase;
			buildActionMask = 2147483647;
			files = (
				1D60589B0D05DD56006BFB54 /* main.m in Sources */,
				1D3623260D0F684500981E51 /* TheElementsAppDelegate.m in Sources */,
				C8DE42800D581B7B00AFE181 /* AtomicElement.m in Sources */,
				C8DE42810D581B7B00AFE181 /* AtomicElementTableViewCell.m in Sources */,
				C8DE42820D581B7B00AFE181 /* ElementsSortedByAtomicNumberDataSource.m in Sources */,
				C8DE42830D581B7B00AFE181 /* ElementsSortedByStateDataSource.m in Sources */,
				C8DE42840D581B7B00AFE181 /* ElementsSortedBySymbolDataSource.m in Sources */,
				C8DE42850D581B7B00AFE181 /* ElementsSortedByNameDataSource.m in Sources */,
				C8DE42860D581B7B00AFE181 /* PeriodicElements.m in Sources */,
				C8E2ACA60D5B7C950056EE5C /* ElementsTableViewController.m in Sources */,
				C8842F8B0D61528100816072 /* AtomicElementViewController.m in Sources */,
				C8B477EC0D62715A00EA3613 /* AtomicElementView.m in Sources */,
				C87D9ED70D65203C006094E8 /* AtomicElementTileView.m in Sources */,
				C844D0420D70BEBE002C7CFD /* AtomicElementFlippedView.m in Sources */,
			);
			runOnlyForDeploymentPostprocessing = 0;
		};
		DE5D11FC147D96EC008441B1 /* Sources */ = {
			isa = PBXSourcesBuildPhase;
			buildActionMask = 2147483647;
			files = (
				DE5D11FD147D96EC008441B1 /* main.m in Sources */,
				DE5D11FE147D96EC008441B1 /* TheElementsAppDelegate.m in Sources */,
				DE5D11FF147D96EC008441B1 /* AtomicElement.m in Sources */,
				DE5D1200147D96EC008441B1 /* AtomicElementTableViewCell.m in Sources */,
				DE5D1201147D96EC008441B1 /* ElementsSortedByAtomicNumberDataSource.m in Sources */,
				DE5D1202147D96EC008441B1 /* ElementsSortedByStateDataSource.m in Sources */,
				DE5D1203147D96EC008441B1 /* ElementsSortedBySymbolDataSource.m in Sources */,
				DE5D1204147D96EC008441B1 /* ElementsSortedByNameDataSource.m in Sources */,
				DE5D1205147D96EC008441B1 /* PeriodicElements.m in Sources */,
				DE5D1206147D96EC008441B1 /* ElementsTableViewController.m in Sources */,
				DE5D1207147D96EC008441B1 /* AtomicElementViewController.m in Sources */,
				DE5D1208147D96EC008441B1 /* AtomicElementView.m in Sources */,
				DE5D1209147D96EC008441B1 /* AtomicElementTileView.m in Sources */,
				DE5D120A147D96EC008441B1 /* AtomicElementFlippedView.m in Sources */,
			);
			runOnlyForDeploymentPostprocessing = 0;
		};
/* End PBXSourcesBuildPhase section */

/* Begin XCBuildConfiguration section */
		1D6058940D05DD3E006BFB54 /* Debug */ = {
			isa = XCBuildConfiguration;
			buildSettings = {
				ALWAYS_SEARCH_USER_PATHS = NO;
				COPY_PHASE_STRIP = NO;
				DEBUG_INFORMATION_FORMAT = "dwarf-with-dsym";
				GCC_DYNAMIC_NO_PIC = NO;
				GCC_ENABLE_FIX_AND_CONTINUE = NO;
				GCC_OPTIMIZATION_LEVEL = 0;
				GCC_PRECOMPILE_PREFIX_HEADER = YES;
				GCC_PREFIX_HEADER = TheElements_Prefix.pch;
				INFOPLIST_FILE = Info.plist;
				INSTALL_PATH = /Applications;
				PREBINDING = NO;
				PRODUCT_NAME = TheElements;
			};
			name = Debug;
		};
		1D6058950D05DD3E006BFB54 /* Release */ = {
			isa = XCBuildConfiguration;
			buildSettings = {
				ALWAYS_SEARCH_USER_PATHS = NO;
				CODE_SIGN_IDENTITY = "iPhone Developer";
				COPY_PHASE_STRIP = YES;
				DEBUG_INFORMATION_FORMAT = "dwarf-with-dsym";
				GCC_ENABLE_FIX_AND_CONTINUE = NO;
				GCC_PRECOMPILE_PREFIX_HEADER = YES;
				GCC_PREFIX_HEADER = TheElements_Prefix.pch;
				INFOPLIST_FILE = Info.plist;
				INSTALL_PATH = /Applications;
				PREBINDING = NO;
				PRODUCT_NAME = TheElements;
				PROVISIONING_PROFILE = "";
			};
			name = Release;
		};
		C01FCF4F08A954540054247B /* Debug */ = {
			isa = XCBuildConfiguration;
			buildSettings = {
				ALWAYS_SEARCH_USER_PATHS = NO;
				ARCHS = "$(ARCHS_STANDARD_32_BIT)";
				CODE_SIGN_IDENTITY = "iPhone Developer";
				GCC_WARN_ABOUT_RETURN_TYPE = YES;
				GCC_WARN_UNUSED_VARIABLE = YES;
				IPHONEOS_DEPLOYMENT_TARGET = 5.0;
				ONLY_ACTIVE_ARCH = YES;
				PREBINDING = NO;
				SDKROOT = iphoneos;
			};
			name = Debug;
		};
		C01FCF5008A954540054247B /* Release */ = {
			isa = XCBuildConfiguration;
			buildSettings = {
				ALWAYS_SEARCH_USER_PATHS = NO;
				ARCHS = "$(ARCHS_STANDARD_32_BIT)";
				CODE_SIGN_IDENTITY = "iPhone Developer";
				GCC_WARN_ABOUT_RETURN_TYPE = YES;
				GCC_WARN_UNUSED_VARIABLE = YES;
				IPHONEOS_DEPLOYMENT_TARGET = 5.0;
				PREBINDING = NO;
				SDKROOT = iphoneos;
			};
			name = Release;
		};
		DE5D1211147D96EC008441B1 /* Debug */ = {
			isa = XCBuildConfiguration;
			buildSettings = {
				ALWAYS_SEARCH_USER_PATHS = NO;
				COPY_PHASE_STRIP = NO;
				DEBUG_INFORMATION_FORMAT = "dwarf-with-dsym";
				FRAMEWORK_SEARCH_PATHS = (
					"$(inherited)",
					"\"$(DEVELOPER_FRAMEWORKS_DIR)\"",
				);
				GCC_DYNAMIC_NO_PIC = NO;
				GCC_ENABLE_FIX_AND_CONTINUE = NO;
				GCC_OPTIMIZATION_LEVEL = 0;
				GCC_PRECOMPILE_PREFIX_HEADER = YES;
				GCC_PREFIX_HEADER = TheElements_Prefix.pch;
				INFOPLIST_FILE = "TheElementsMonkey-Info.plist";
				INSTALL_PATH = /Applications;
				LIBRARY_SEARCH_PATHS = (
					"$(inherited)",
					"\"$(SRCROOT)/FoneMonkey/lib\"",
				);
				OTHER_LDFLAGS = "-all_load";
				PREBINDING = NO;
				PRODUCT_NAME = "TheElements copy";
			};
			name = Debug;
		};
		DE5D1212147D96EC008441B1 /* Release */ = {
			isa = XCBuildConfiguration;
			buildSettings = {
				ALWAYS_SEARCH_USER_PATHS = NO;
				CODE_SIGN_IDENTITY = "iPhone Developer";
				COPY_PHASE_STRIP = YES;
				DEBUG_INFORMATION_FORMAT = "dwarf-with-dsym";
				FRAMEWORK_SEARCH_PATHS = (
					"$(inherited)",
					"\"$(DEVELOPER_FRAMEWORKS_DIR)\"",
				);
				GCC_ENABLE_FIX_AND_CONTINUE = NO;
				GCC_PRECOMPILE_PREFIX_HEADER = YES;
				GCC_PREFIX_HEADER = TheElements_Prefix.pch;
				INFOPLIST_FILE = "TheElementsMonkey-Info.plist";
				INSTALL_PATH = /Applications;
				LIBRARY_SEARCH_PATHS = (
					"$(inherited)",
					"\"$(SRCROOT)/FoneMonkey/lib\"",
				);
				OTHER_LDFLAGS = "-all_load";
				PREBINDING = NO;
				PRODUCT_NAME = "TheElements copy";
				PROVISIONING_PROFILE = "";
			};
			name = Release;
		};
/* End XCBuildConfiguration section */

/* Begin XCConfigurationList section */
		1D6058960D05DD3E006BFB54 /* Build configuration list for PBXNativeTarget "TheElements" */ = {
			isa = XCConfigurationList;
			buildConfigurations = (
				1D6058940D05DD3E006BFB54 /* Debug */,
				1D6058950D05DD3E006BFB54 /* Release */,
			);
			defaultConfigurationIsVisible = 0;
			defaultConfigurationName = Release;
		};
		C01FCF4E08A954540054247B /* Build configuration list for PBXProject "TheElements" */ = {
			isa = XCConfigurationList;
			buildConfigurations = (
				C01FCF4F08A954540054247B /* Debug */,
				C01FCF5008A954540054247B /* Release */,
			);
			defaultConfigurationIsVisible = 0;
			defaultConfigurationName = Release;
		};
		DE5D1210147D96EC008441B1 /* Build configuration list for PBXNativeTarget "TheElementsMonkey" */ = {
			isa = XCConfigurationList;
			buildConfigurations = (
				DE5D1211147D96EC008441B1 /* Debug */,
				DE5D1212147D96EC008441B1 /* Release */,
			);
			defaultConfigurationIsVisible = 0;
			defaultConfigurationName = Release;
		};
/* End XCConfigurationList section */
	};
	rootObject = 29B97313FDCFA39411CA2CEA /* Project object */;
}
